
Microsoft Visual Studio Solution File, Format Version 12.00
# Visual Studio 15
VisualStudioVersion = 15.0.27004.2009
MinimumVisualStudioVersion = 10.0.40219.1
Project("{D954291E-2A0B-460D-934E-DC6B0785DB48}") = "XamarinFormsDispatcher", "XamarinFormsDispatcher\XamarinFormsDispatcher\XamarinFormsDispatcher.shproj", "{F2B69511-E1C2-475B-A01B-79419BDD3EB6}"
EndProject
Project("{FAE04EC0-301F-11D3-BF4B-00C04F79EFBC}") = "XamarinFormsDispatcher.Android", "XamarinFormsDispatcher\XamarinFormsDispatcher.Android\XamarinFormsDispatcher.Android.csproj", "{09B4D360-245D-416A-B3E7-5547BE966501}"
EndProject
Project("{FAE04EC0-301F-11D3-BF4B-00C04F79EFBC}") = "XamarinFormsDispatcher.iOS", "XamarinFormsDispatcher\XamarinFormsDispatcher.iOS\XamarinFormsDispatcher.iOS.csproj", "{82CDEDBB-79E0-49A1-8C0C-3799E4D71D4C}"
EndProject
Project("{FAE04EC0-301F-11D3-BF4B-00C04F79EFBC}") = "XamarinFormsDispatcher.UWP", "XamarinFormsDispatcher\XamarinFormsDispatcher.UWP\XamarinFormsDispatcher.UWP.csproj", "{B5FA1448-90E1-4AE0-877A-192E1E11A442}"
EndProject
Project("{FAE04EC0-301F-11D3-BF4B-00C04F79EFBC}") = "XamarinDispatchScheduler", "XamarinFormsDispatcher\XamarinDispatchScheduler\XamarinDispatchScheduler.csproj", "{E19E6E50-630E-4FBD-AEC4-A69B4ADEAD68}"
EndProject
Global
	GlobalSection(SharedMSBuildProjectFiles) = preSolution
		XamarinFormsDispatcher\XamarinFormsDispatcher\XamarinFormsDispatcher.projitems*{09b4d360-245d-416a-b3e7-5547be966501}*SharedItemsImports = 4
		XamarinFormsDispatcher\XamarinFormsDispatcher\XamarinFormsDispatcher.projitems*{82cdedbb-79e0-49a1-8c0c-3799e4d71d4c}*SharedItemsImports = 4
		XamarinFormsDispatcher\XamarinFormsDispatcher\XamarinFormsDispatcher.projitems*{b5fa1448-90e1-4ae0-877a-192e1e11a442}*SharedItemsImports = 4
		XamarinFormsDispatcher\XamarinFormsDispatcher\XamarinFormsDispatcher.projitems*{f2b69511-e1c2-475b-a01b-79419bdd3eb6}*SharedItemsImports = 13
	EndGlobalSection
	GlobalSection(SolutionConfigurationPlatforms) = preSolution
		Ad-Hoc|Any CPU = Ad-Hoc|Any CPU
		Ad-Hoc|ARM = Ad-Hoc|ARM
		Ad-Hoc|iPhone = Ad-Hoc|iPhone
		Ad-Hoc|iPhoneSimulator = Ad-Hoc|iPhoneSimulator
		Ad-Hoc|x64 = Ad-Hoc|x64
		Ad-Hoc|x86 = Ad-Hoc|x86
		AppStore|Any CPU = AppStore|Any CPU
		AppStore|ARM = AppStore|ARM
		AppStore|iPhone = AppStore|iPhone
		AppStore|iPhoneSimulator = AppStore|iPhoneSimulator
		AppStore|x64 = AppStore|x64
		AppStore|x86 = AppStore|x86
		Debug|Any CPU = Debug|Any CPU
		Debug|ARM = Debug|ARM
		Debug|iPhone = Debug|iPhone
		Debug|iPhoneSimulator = Debug|iPhoneSimulator
		Debug|x64 = Debug|x64
		Debug|x86 = Debug|x86
		Release|Any CPU = Release|Any CPU
		Release|ARM = Release|ARM
		Release|iPhone = Release|iPhone
		Release|iPhoneSimulator = Release|iPhoneSimulator
		Release|x64 = Release|x64
		Release|x86 = Release|x86
	EndGlobalSection
	GlobalSection(ProjectConfigurationPlatforms) = postSolution
		{09B4D360-245D-416A-B3E7-5547BE966501}.Ad-Hoc|Any CPU.ActiveCfg = Release|Any CPU
		{09B4D360-245D-416A-B3E7-5547BE966501}.Ad-Hoc|Any CPU.Build.0 = Release|Any CPU
		{09B4D360-245D-416A-B3E7-5547BE966501}.Ad-Hoc|Any CPU.Deploy.0 = Release|Any CPU
		{09B4D360-245D-416A-B3E7-5547BE966501}.Ad-Hoc|ARM.ActiveCfg = Release|Any CPU
		{09B4D360-245D-416A-B3E7-5547BE966501}.Ad-Hoc|ARM.Build.0 = Release|Any CPU
		{09B4D360-245D-416A-B3E7-5547BE966501}.Ad-Hoc|ARM.Deploy.0 = Release|Any CPU
		{09B4D360-245D-416A-B3E7-5547BE966501}.Ad-Hoc|iPhone.ActiveCfg = Release|Any CPU
		{09B4D360-245D-416A-B3E7-5547BE966501}.Ad-Hoc|iPhone.Build.0 = Release|Any CPU
		{09B4D360-245D-416A-B3E7-5547BE966501}.Ad-Hoc|iPhone.Deploy.0 = Release|Any CPU
		{09B4D360-245D-416A-B3E7-5547BE966501}.Ad-Hoc|iPhoneSimulator.ActiveCfg = Release|Any CPU
		{09B4D360-245D-416A-B3E7-5547BE966501}.Ad-Hoc|iPhoneSimulator.Build.0 = Release|Any CPU
		{09B4D360-245D-416A-B3E7-5547BE966501}.Ad-Hoc|iPhoneSimulator.Deploy.0 = Release|Any CPU
		{09B4D360-245D-416A-B3E7-5547BE966501}.Ad-Hoc|x64.ActiveCfg = Release|Any CPU
		{09B4D360-245D-416A-B3E7-5547BE966501}.Ad-Hoc|x64.Build.0 = Release|Any CPU
		{09B4D360-245D-416A-B3E7-5547BE966501}.Ad-Hoc|x64.Deploy.0 = Release|Any CPU
		{09B4D360-245D-416A-B3E7-5547BE966501}.Ad-Hoc|x86.ActiveCfg = Release|Any CPU
		{09B4D360-245D-416A-B3E7-5547BE966501}.Ad-Hoc|x86.Build.0 = Release|Any CPU
		{09B4D360-245D-416A-B3E7-5547BE966501}.Ad-Hoc|x86.Deploy.0 = Release|Any CPU
		{09B4D360-245D-416A-B3E7-5547BE966501}.AppStore|Any CPU.ActiveCfg = Release|Any CPU
		{09B4D360-245D-416A-B3E7-5547BE966501}.AppStore|Any CPU.Build.0 = Release|Any CPU
		{09B4D360-245D-416A-B3E7-5547BE966501}.AppStore|Any CPU.Deploy.0 = Release|Any CPU
		{09B4D360-245D-416A-B3E7-5547BE966501}.AppStore|ARM.ActiveCfg = Release|Any CPU
		{09B4D360-245D-416A-B3E7-5547BE966501}.AppStore|ARM.Build.0 = Release|Any CPU
		{09B4D360-245D-416A-B3E7-5547BE966501}.AppStore|ARM.Deploy.0 = Release|Any CPU
		{09B4D360-245D-416A-B3E7-5547BE966501}.AppStore|iPhone.ActiveCfg = Release|Any CPU
		{09B4D360-245D-416A-B3E7-5547BE966501}.AppStore|iPhone.Build.0 = Release|Any CPU
		{09B4D360-245D-416A-B3E7-5547BE966501}.AppStore|iPhone.Deploy.0 = Release|Any CPU
		{09B4D360-245D-416A-B3E7-5547BE966501}.AppStore|iPhoneSimulator.ActiveCfg = Release|Any CPU
		{09B4D360-245D-416A-B3E7-5547BE966501}.AppStore|iPhoneSimulator.Build.0 = Release|Any CPU
		{09B4D360-245D-416A-B3E7-5547BE966501}.AppStore|iPhoneSimulator.Deploy.0 = Release|Any CPU
		{09B4D360-245D-416A-B3E7-5547BE966501}.AppStore|x64.ActiveCfg = Release|Any CPU
		{09B4D360-245D-416A-B3E7-5547BE966501}.AppStore|x64.Build.0 = Release|Any CPU
		{09B4D360-245D-416A-B3E7-5547BE966501}.AppStore|x64.Deploy.0 = Release|Any CPU
		{09B4D360-245D-416A-B3E7-5547BE966501}.AppStore|x86.ActiveCfg = Release|Any CPU
		{09B4D360-245D-416A-B3E7-5547BE966501}.AppStore|x86.Build.0 = Release|Any CPU
		{09B4D360-245D-416A-B3E7-5547BE966501}.AppStore|x86.Deploy.0 = Release|Any CPU
		{09B4D360-245D-416A-B3E7-5547BE966501}.Debug|Any CPU.ActiveCfg = Debug|Any CPU
		{09B4D360-245D-416A-B3E7-5547BE966501}.Debug|Any CPU.Build.0 = Debug|Any CPU
		{09B4D360-245D-416A-B3E7-5547BE966501}.Debug|Any CPU.Deploy.0 = Debug|Any CPU
		{09B4D360-245D-416A-B3E7-5547BE966501}.Debug|ARM.ActiveCfg = Debug|Any CPU
		{09B4D360-245D-416A-B3E7-5547BE966501}.Debug|ARM.Build.0 = Debug|Any CPU
		{09B4D360-245D-416A-B3E7-5547BE966501}.Debug|ARM.Deploy.0 = Debug|Any CPU
		{09B4D360-245D-416A-B3E7-5547BE966501}.Debug|iPhone.ActiveCfg = Debug|Any CPU
		{09B4D360-245D-416A-B3E7-5547BE966501}.Debug|iPhone.Build.0 = Debug|Any CPU
		{09B4D360-245D-416A-B3E7-5547BE966501}.Debug|iPhone.Deploy.0 = Debug|Any CPU
		{09B4D360-245D-416A-B3E7-5547BE966501}.Debug|iPhoneSimulator.ActiveCfg = Debug|Any CPU
		{09B4D360-245D-416A-B3E7-5547BE966501}.Debug|iPhoneSimulator.Build.0 = Debug|Any CPU
		{09B4D360-245D-416A-B3E7-5547BE966501}.Debug|iPhoneSimulator.Deploy.0 = Debug|Any CPU
		{09B4D360-245D-416A-B3E7-5547BE966501}.Debug|x64.ActiveCfg = Debug|Any CPU
		{09B4D360-245D-416A-B3E7-5547BE966501}.Debug|x64.Build.0 = Debug|Any CPU
		{09B4D360-245D-416A-B3E7-5547BE966501}.Debug|x64.Deploy.0 = Debug|Any CPU
		{09B4D360-245D-416A-B3E7-5547BE966501}.Debug|x86.ActiveCfg = Debug|Any CPU
		{09B4D360-245D-416A-B3E7-5547BE966501}.Debug|x86.Build.0 = Debug|Any CPU
		{09B4D360-245D-416A-B3E7-5547BE966501}.Debug|x86.Deploy.0 = Debug|Any CPU
		{09B4D360-245D-416A-B3E7-5547BE966501}.Release|Any CPU.ActiveCfg = Release|Any CPU
		{09B4D360-245D-416A-B3E7-5547BE966501}.Release|Any CPU.Build.0 = Release|Any CPU
		{09B4D360-245D-416A-B3E7-5547BE966501}.Release|Any CPU.Deploy.0 = Release|Any CPU
		{09B4D360-245D-416A-B3E7-5547BE966501}.Release|ARM.ActiveCfg = Release|Any CPU
		{09B4D360-245D-416A-B3E7-5547BE966501}.Release|ARM.Build.0 = Release|Any CPU
		{09B4D360-245D-416A-B3E7-5547BE966501}.Release|ARM.Deploy.0 = Release|Any CPU
		{09B4D360-245D-416A-B3E7-5547BE966501}.Release|iPhone.ActiveCfg = Release|Any CPU
		{09B4D360-245D-416A-B3E7-5547BE966501}.Release|iPhone.Build.0 = Release|Any CPU
		{09B4D360-245D-416A-B3E7-5547BE966501}.Release|iPhone.Deploy.0 = Release|Any CPU
		{09B4D360-245D-416A-B3E7-5547BE966501}.Release|iPhoneSimulator.ActiveCfg = Release|Any CPU
		{09B4D360-245D-416A-B3E7-5547BE966501}.Release|iPhoneSimulator.Build.0 = Release|Any CPU
		{09B4D360-245D-416A-B3E7-5547BE966501}.Release|iPhoneSimulator.Deploy.0 = Release|Any CPU
		{09B4D360-245D-416A-B3E7-5547BE966501}.Release|x64.ActiveCfg = Release|Any CPU
		{09B4D360-245D-416A-B3E7-5547BE966501}.Release|x64.Build.0 = Release|Any CPU
		{09B4D360-245D-416A-B3E7-5547BE966501}.Release|x64.Deploy.0 = Release|Any CPU
		{09B4D360-245D-416A-B3E7-5547BE966501}.Release|x86.ActiveCfg = Release|Any CPU
		{09B4D360-245D-416A-B3E7-5547BE966501}.Release|x86.Build.0 = Release|Any CPU
		{09B4D360-245D-416A-B3E7-5547BE966501}.Release|x86.Deploy.0 = Release|Any CPU
		{82CDEDBB-79E0-49A1-8C0C-3799E4D71D4C}.Ad-Hoc|Any CPU.ActiveCfg = Ad-Hoc|iPhoneSimulator
		{82CDEDBB-79E0-49A1-8C0C-3799E4D71D4C}.Ad-Hoc|ARM.ActiveCfg = Ad-Hoc|iPhone
		{82CDEDBB-79E0-49A1-8C0C-3799E4D71D4C}.Ad-Hoc|iPhone.ActiveCfg = Ad-Hoc|iPhone
		{82CDEDBB-79E0-49A1-8C0C-3799E4D71D4C}.Ad-Hoc|iPhone.Build.0 = Ad-Hoc|iPhone
		{82CDEDBB-79E0-49A1-8C0C-3799E4D71D4C}.Ad-Hoc|iPhoneSimulator.ActiveCfg = Ad-Hoc|iPhoneSimulator
		{82CDEDBB-79E0-49A1-8C0C-3799E4D71D4C}.Ad-Hoc|iPhoneSimulator.Build.0 = Ad-Hoc|iPhoneSimulator
		{82CDEDBB-79E0-49A1-8C0C-3799E4D71D4C}.Ad-Hoc|x64.ActiveCfg = Ad-Hoc|iPhone
		{82CDEDBB-79E0-49A1-8C0C-3799E4D71D4C}.Ad-Hoc|x86.ActiveCfg = Ad-Hoc|iPhone
		{82CDEDBB-79E0-49A1-8C0C-3799E4D71D4C}.AppStore|Any CPU.ActiveCfg = AppStore|iPhoneSimulator
		{82CDEDBB-79E0-49A1-8C0C-3799E4D71D4C}.AppStore|ARM.ActiveCfg = AppStore|iPhone
		{82CDEDBB-79E0-49A1-8C0C-3799E4D71D4C}.AppStore|iPhone.ActiveCfg = AppStore|iPhone
		{82CDEDBB-79E0-49A1-8C0C-3799E4D71D4C}.AppStore|iPhone.Build.0 = AppStore|iPhone
		{82CDEDBB-79E0-49A1-8C0C-3799E4D71D4C}.AppStore|iPhoneSimulator.ActiveCfg = AppStore|iPhoneSimulator
		{82CDEDBB-79E0-49A1-8C0C-3799E4D71D4C}.AppStore|iPhoneSimulator.Build.0 = AppStore|iPhoneSimulator
		{82CDEDBB-79E0-49A1-8C0C-3799E4D71D4C}.AppStore|x64.ActiveCfg = AppStore|iPhone
		{82CDEDBB-79E0-49A1-8C0C-3799E4D71D4C}.AppStore|x86.ActiveCfg = AppStore|iPhone
		{82CDEDBB-79E0-49A1-8C0C-3799E4D71D4C}.Debug|Any CPU.ActiveCfg = Debug|iPhoneSimulator
		{82CDEDBB-79E0-49A1-8C0C-3799E4D71D4C}.Debug|ARM.ActiveCfg = Debug|iPhone
		{82CDEDBB-79E0-49A1-8C0C-3799E4D71D4C}.Debug|iPhone.ActiveCfg = Debug|iPhone
		{82CDEDBB-79E0-49A1-8C0C-3799E4D71D4C}.Debug|iPhone.Build.0 = Debug|iPhone
		{82CDEDBB-79E0-49A1-8C0C-3799E4D71D4C}.Debug|iPhoneSimulator.ActiveCfg = Debug|iPhoneSimulator
		{82CDEDBB-79E0-49A1-8C0C-3799E4D71D4C}.Debug|iPhoneSimulator.Build.0 = Debug|iPhoneSimulator
		{82CDEDBB-79E0-49A1-8C0C-3799E4D71D4C}.Debug|x64.ActiveCfg = Debug|iPhone
		{82CDEDBB-79E0-49A1-8C0C-3799E4D71D4C}.Debug|x86.ActiveCfg = Debug|iPhone
		{82CDEDBB-79E0-49A1-8C0C-3799E4D71D4C}.Release|Any CPU.ActiveCfg = Release|iPhoneSimulator
		{82CDEDBB-79E0-49A1-8C0C-3799E4D71D4C}.Release|ARM.ActiveCfg = Release|iPhone
		{82CDEDBB-79E0-49A1-8C0C-3799E4D71D4C}.Release|iPhone.ActiveCfg = Release|iPhone
		{82CDEDBB-79E0-49A1-8C0C-3799E4D71D4C}.Release|iPhone.Build.0 = Release|iPhone
		{82CDEDBB-79E0-49A1-8C0C-3799E4D71D4C}.Release|iPhoneSimulator.ActiveCfg = Release|iPhoneSimulator
		{82CDEDBB-79E0-49A1-8C0C-3799E4D71D4C}.Release|iPhoneSimulator.Build.0 = Release|iPhoneSimulator
		{82CDEDBB-79E0-49A1-8C0C-3799E4D71D4C}.Release|x64.ActiveCfg = Release|iPhone
		{82CDEDBB-79E0-49A1-8C0C-3799E4D71D4C}.Release|x86.ActiveCfg = Release|iPhone
		{B5FA1448-90E1-4AE0-877A-192E1E11A442}.Ad-Hoc|Any CPU.ActiveCfg = Release|x86
		{B5FA1448-90E1-4AE0-877A-192E1E11A442}.Ad-Hoc|Any CPU.Build.0 = Release|x86
		{B5FA1448-90E1-4AE0-877A-192E1E11A442}.Ad-Hoc|Any CPU.Deploy.0 = Release|x86
		{B5FA1448-90E1-4AE0-877A-192E1E11A442}.Ad-Hoc|ARM.ActiveCfg = Release|ARM
		{B5FA1448-90E1-4AE0-877A-192E1E11A442}.Ad-Hoc|ARM.Build.0 = Release|ARM
		{B5FA1448-90E1-4AE0-877A-192E1E11A442}.Ad-Hoc|ARM.Deploy.0 = Release|ARM
		{B5FA1448-90E1-4AE0-877A-192E1E11A442}.Ad-Hoc|iPhone.ActiveCfg = Release|x86
		{B5FA1448-90E1-4AE0-877A-192E1E11A442}.Ad-Hoc|iPhone.Build.0 = Release|x86
		{B5FA1448-90E1-4AE0-877A-192E1E11A442}.Ad-Hoc|iPhone.Deploy.0 = Release|x86
		{B5FA1448-90E1-4AE0-877A-192E1E11A442}.Ad-Hoc|iPhoneSimulator.ActiveCfg = Release|x86
		{B5FA1448-90E1-4AE0-877A-192E1E11A442}.Ad-Hoc|iPhoneSimulator.Build.0 = Release|x86
		{B5FA1448-90E1-4AE0-877A-192E1E11A442}.Ad-Hoc|iPhoneSimulator.Deploy.0 = Release|x86
		{B5FA1448-90E1-4AE0-877A-192E1E11A442}.Ad-Hoc|x64.ActiveCfg = Release|x64
		{B5FA1448-90E1-4AE0-877A-192E1E11A442}.Ad-Hoc|x64.Build.0 = Release|x64
		{B5FA1448-90E1-4AE0-877A-192E1E11A442}.Ad-Hoc|x64.Deploy.0 = Release|x64
		{B5FA1448-90E1-4AE0-877A-192E1E11A442}.Ad-Hoc|x86.ActiveCfg = Release|x86
		{B5FA1448-90E1-4AE0-877A-192E1E11A442}.Ad-Hoc|x86.Build.0 = Release|x86
		{B5FA1448-90E1-4AE0-877A-192E1E11A442}.Ad-Hoc|x86.Deploy.0 = Release|x86
		{B5FA1448-90E1-4AE0-877A-192E1E11A442}.AppStore|Any CPU.ActiveCfg = Release|x86
		{B5FA1448-90E1-4AE0-877A-192E1E11A442}.AppStore|Any CPU.Build.0 = Release|x86
		{B5FA1448-90E1-4AE0-877A-192E1E11A442}.AppStore|Any CPU.Deploy.0 = Release|x86
		{B5FA1448-90E1-4AE0-877A-192E1E11A442}.AppStore|ARM.ActiveCfg = Release|ARM
		{B5FA1448-90E1-4AE0-877A-192E1E11A442}.AppStore|ARM.Build.0 = Release|ARM
		{B5FA1448-90E1-4AE0-877A-192E1E11A442}.AppStore|ARM.Deploy.0 = Release|ARM
		{B5FA1448-90E1-4AE0-877A-192E1E11A442}.AppStore|iPhone.ActiveCfg = Release|x86
		{B5FA1448-90E1-4AE0-877A-192E1E11A442}.AppStore|iPhone.Build.0 = Release|x86
		{B5FA1448-90E1-4AE0-877A-192E1E11A442}.AppStore|iPhone.Deploy.0 = Release|x86
		{B5FA1448-90E1-4AE0-877A-192E1E11A442}.AppStore|iPhoneSimulator.ActiveCfg = Release|x86
		{B5FA1448-90E1-4AE0-877A-192E1E11A442}.AppStore|iPhoneSimulator.Build.0 = Release|x86
		{B5FA1448-90E1-4AE0-877A-192E1E11A442}.AppStore|iPhoneSimulator.Deploy.0 = Release|x86
		{B5FA1448-90E1-4AE0-877A-192E1E11A442}.AppStore|x64.ActiveCfg = Release|x64
		{B5FA1448-90E1-4AE0-877A-192E1E11A442}.AppStore|x64.Build.0 = Release|x64
		{B5FA1448-90E1-4AE0-877A-192E1E11A442}.AppStore|x64.Deploy.0 = Release|x64
		{B5FA1448-90E1-4AE0-877A-192E1E11A442}.AppStore|x86.ActiveCfg = Release|x86
		{B5FA1448-90E1-4AE0-877A-192E1E11A442}.AppStore|x86.Build.0 = Release|x86
		{B5FA1448-90E1-4AE0-877A-192E1E11A442}.AppStore|x86.Deploy.0 = Release|x86
		{B5FA1448-90E1-4AE0-877A-192E1E11A442}.Debug|Any CPU.ActiveCfg = Debug|x86
		{B5FA1448-90E1-4AE0-877A-192E1E11A442}.Debug|ARM.ActiveCfg = Debug|ARM
		{B5FA1448-90E1-4AE0-877A-192E1E11A442}.Debug|ARM.Build.0 = Debug|ARM
		{B5FA1448-90E1-4AE0-877A-192E1E11A442}.Debug|ARM.Deploy.0 = Debug|ARM
		{B5FA1448-90E1-4AE0-877A-192E1E11A442}.Debug|iPhone.ActiveCfg = Debug|x86
		{B5FA1448-90E1-4AE0-877A-192E1E11A442}.Debug|iPhoneSimulator.ActiveCfg = Debug|x86
		{B5FA1448-90E1-4AE0-877A-192E1E11A442}.Debug|x64.ActiveCfg = Debug|x64
		{B5FA1448-90E1-4AE0-877A-192E1E11A442}.Debug|x64.Build.0 = Debug|x64
		{B5FA1448-90E1-4AE0-877A-192E1E11A442}.Debug|x64.Deploy.0 = Debug|x64
		{B5FA1448-90E1-4AE0-877A-192E1E11A442}.Debug|x86.ActiveCfg = Debug|x86
		{B5FA1448-90E1-4AE0-877A-192E1E11A442}.Debug|x86.Build.0 = Debug|x86
		{B5FA1448-90E1-4AE0-877A-192E1E11A442}.Debug|x86.Deploy.0 = Debug|x86
		{B5FA1448-90E1-4AE0-877A-192E1E11A442}.Release|Any CPU.ActiveCfg = Release|x86
		{B5FA1448-90E1-4AE0-877A-192E1E11A442}.Release|ARM.ActiveCfg = Release|ARM
		{B5FA1448-90E1-4AE0-877A-192E1E11A442}.Release|ARM.Build.0 = Release|ARM
		{B5FA1448-90E1-4AE0-877A-192E1E11A442}.Release|ARM.Deploy.0 = Release|ARM
		{B5FA1448-90E1-4AE0-877A-192E1E11A442}.Release|iPhone.ActiveCfg = Release|x86
		{B5FA1448-90E1-4AE0-877A-192E1E11A442}.Release|iPhoneSimulator.ActiveCfg = Release|x86
		{B5FA1448-90E1-4AE0-877A-192E1E11A442}.Release|x64.ActiveCfg = Release|x64
		{B5FA1448-90E1-4AE0-877A-192E1E11A442}.Release|x64.Build.0 = Release|x64
		{B5FA1448-90E1-4AE0-877A-192E1E11A442}.Release|x64.Deploy.0 = Release|x64
		{B5FA1448-90E1-4AE0-877A-192E1E11A442}.Release|x86.ActiveCfg = Release|x86
		{B5FA1448-90E1-4AE0-877A-192E1E11A442}.Release|x86.Build.0 = Release|x86
		{B5FA1448-90E1-4AE0-877A-192E1E11A442}.Release|x86.Deploy.0 = Release|x86
		{E19E6E50-630E-4FBD-AEC4-A69B4ADEAD68}.Ad-Hoc|Any CPU.ActiveCfg = Debug|Any CPU
		{E19E6E50-630E-4FBD-AEC4-A69B4ADEAD68}.Ad-Hoc|Any CPU.Build.0 = Debug|Any CPU
		{E19E6E50-630E-4FBD-AEC4-A69B4ADEAD68}.Ad-Hoc|ARM.ActiveCfg = Debug|Any CPU
		{E19E6E50-630E-4FBD-AEC4-A69B4ADEAD68}.Ad-Hoc|ARM.Build.0 = Debug|Any CPU
		{E19E6E50-630E-4FBD-AEC4-A69B4ADEAD68}.Ad-Hoc|iPhone.ActiveCfg = Debug|Any CPU
		{E19E6E50-630E-4FBD-AEC4-A69B4ADEAD68}.Ad-Hoc|iPhone.Build.0 = Debug|Any CPU
		{E19E6E50-630E-4FBD-AEC4-A69B4ADEAD68}.Ad-Hoc|iPhoneSimulator.ActiveCfg = Debug|Any CPU
		{E19E6E50-630E-4FBD-AEC4-A69B4ADEAD68}.Ad-Hoc|iPhoneSimulator.Build.0 = Debug|Any CPU
		{E19E6E50-630E-4FBD-AEC4-A69B4ADEAD68}.Ad-Hoc|x64.ActiveCfg = Debug|Any CPU
		{E19E6E50-630E-4FBD-AEC4-A69B4ADEAD68}.Ad-Hoc|x64.Build.0 = Debug|Any CPU
		{E19E6E50-630E-4FBD-AEC4-A69B4ADEAD68}.Ad-Hoc|x86.ActiveCfg = Debug|Any CPU
		{E19E6E50-630E-4FBD-AEC4-A69B4ADEAD68}.Ad-Hoc|x86.Build.0 = Debug|Any CPU
		{E19E6E50-630E-4FBD-AEC4-A69B4ADEAD68}.AppStore|Any CPU.ActiveCfg = Debug|Any CPU
		{E19E6E50-630E-4FBD-AEC4-A69B4ADEAD68}.AppStore|Any CPU.Build.0 = Debug|Any CPU
		{E19E6E50-630E-4FBD-AEC4-A69B4ADEAD68}.AppStore|ARM.ActiveCfg = Debug|Any CPU
		{E19E6E50-630E-4FBD-AEC4-A69B4ADEAD68}.AppStore|ARM.Build.0 = Debug|Any CPU
		{E19E6E50-630E-4FBD-AEC4-A69B4ADEAD68}.AppStore|iPhone.ActiveCfg = Debug|Any CPU
		{E19E6E50-630E-4FBD-AEC4-A69B4ADEAD68}.AppStore|iPhone.Build.0 = Debug|Any CPU
		{E19E6E50-630E-4FBD-AEC4-A69B4ADEAD68}.AppStore|iPhoneSimulator.ActiveCfg = Debug|Any CPU
		{E19E6E50-630E-4FBD-AEC4-A69B4ADEAD68}.AppStore|iPhoneSimulator.Build.0 = Debug|Any CPU
		{E19E6E50-630E-4FBD-AEC4-A69B4ADEAD68}.AppStore|x64.ActiveCfg = Debug|Any CPU
		{E19E6E50-630E-4FBD-AEC4-A69B4ADEAD68}.AppStore|x64.Build.0 = Debug|Any CPU
		{E19E6E50-630E-4FBD-AEC4-A69B4ADEAD68}.AppStore|x86.ActiveCfg = Debug|Any CPU
		{E19E6E50-630E-4FBD-AEC4-A69B4ADEAD68}.AppStore|x86.Build.0 = Debug|Any CPU
		{E19E6E50-630E-4FBD-AEC4-A69B4ADEAD68}.Debug|Any CPU.ActiveCfg = Debug|Any CPU
		{E19E6E50-630E-4FBD-AEC4-A69B4ADEAD68}.Debug|Any CPU.Build.0 = Debug|Any CPU
		{E19E6E50-630E-4FBD-AEC4-A69B4ADEAD68}.Debug|ARM.ActiveCfg = Debug|Any CPU
		{E19E6E50-630E-4FBD-AEC4-A69B4ADEAD68}.Debug|ARM.Build.0 = Debug|Any CPU
		{E19E6E50-630E-4FBD-AEC4-A69B4ADEAD68}.Debug|iPhone.ActiveCfg = Debug|Any CPU
		{E19E6E50-630E-4FBD-AEC4-A69B4ADEAD68}.Debug|iPhone.Build.0 = Debug|Any CPU
		{E19E6E50-630E-4FBD-AEC4-A69B4ADEAD68}.Debug|iPhoneSimulator.ActiveCfg = Debug|Any CPU
		{E19E6E50-630E-4FBD-AEC4-A69B4ADEAD68}.Debug|iPhoneSimulator.Build.0 = Debug|Any CPU
		{E19E6E50-630E-4FBD-AEC4-A69B4ADEAD68}.Debug|x64.ActiveCfg = Debug|Any CPU
		{E19E6E50-630E-4FBD-AEC4-A69B4ADEAD68}.Debug|x64.Build.0 = Debug|Any CPU
		{E19E6E50-630E-4FBD-AEC4-A69B4ADEAD68}.Debug|x86.ActiveCfg = Debug|Any CPU
		{E19E6E50-630E-4FBD-AEC4-A69B4ADEAD68}.Debug|x86.Build.0 = Debug|Any CPU
		{E19E6E50-630E-4FBD-AEC4-A69B4ADEAD68}.Release|Any CPU.ActiveCfg = Release|Any CPU
		{E19E6E50-630E-4FBD-AEC4-A69B4ADEAD68}.Release|Any CPU.Build.0 = Release|Any CPU
		{E19E6E50-630E-4FBD-AEC4-A69B4ADEAD68}.Release|ARM.ActiveCfg = Release|Any CPU
		{E19E6E50-630E-4FBD-AEC4-A69B4ADEAD68}.Release|ARM.Build.0 = Release|Any CPU
		{E19E6E50-630E-4FBD-AEC4-A69B4ADEAD68}.Release|iPhone.ActiveCfg = Release|Any CPU
		{E19E6E50-630E-4FBD-AEC4-A69B4ADEAD68}.Release|iPhone.Build.0 = Release|Any CPU
		{E19E6E50-630E-4FBD-AEC4-A69B4ADEAD68}.Release|iPhoneSimulator.ActiveCfg = Release|Any CPU
		{E19E6E50-630E-4FBD-AEC4-A69B4ADEAD68}.Release|iPhoneSimulator.Build.0 = Release|Any CPU
		{E19E6E50-630E-4FBD-AEC4-A69B4ADEAD68}.Release|x64.ActiveCfg = Release|Any CPU
		{E19E6E50-630E-4FBD-AEC4-A69B4ADEAD68}.Release|x64.Build.0 = Release|Any CPU
		{E19E6E50-630E-4FBD-AEC4-A69B4ADEAD68}.Release|x86.ActiveCfg = Release|Any CPU
		{E19E6E50-630E-4FBD-AEC4-A69B4ADEAD68}.Release|x86.Build.0 = Release|Any CPU
	EndGlobalSection
	GlobalSection(SolutionProperties) = preSolution
		HideSolutionNode = FALSE
	EndGlobalSection
	GlobalSection(ExtensibilityGlobals) = postSolution
		SolutionGuid = {307605AD-A7D0-47FC-A69D-3E760CDAEC74}
	EndGlobalSection
EndGlobal
