
Microsoft Visual Studio Solution File, Format Version 12.00
# Visual Studio 15
VisualStudioVersion = 15.0.26730.10
MinimumVisualStudioVersion = 10.0.40219.1


Project("{9A19103F-16F7-4668-BE54-9A1E7A4F7556}") = "XamarinDispatchScheduler.Tests", "XamarinDispatchScheduler.Tests\XamarinDispatchScheduler.Tests\XamarinDispatchScheduler.Tests.csproj", "{377E0240-CE14-4E21-B0B1-4EC814432C21}"
EndProject

Project("{FAE04EC0-301F-11D3-BF4B-00C04F79EFBC}") = "XamarinDispatchScheduler.Tests.iOS", "XamarinDispatchScheduler.Tests\XamarinDispatchScheduler.Tests.iOS\XamarinDispatchScheduler.Tests.iOS.csproj", "{F88CEC7D-6C88-4D16-AFDE-F3DFB3CBF0DF}"
EndProject


Project("{FAE04EC0-301F-11D3-BF4B-00C04F79EFBC}") = "XamarinDispatchScheduler.Tests.Android", "XamarinDispatchScheduler.Tests\XamarinDispatchScheduler.Tests.Android\XamarinDispatchScheduler.Tests.Android.csproj", "{203BC9DA-FB13-4C55-803E-F30F450BDAF8}"
EndProject


Global
	GlobalSection(SolutionConfigurationPlatforms) = preSolution
		Ad-Hoc|Any CPU = Ad-Hoc|Any CPU
		Ad-Hoc|ARM = Ad-Hoc|ARM
		Ad-Hoc|iPhone = Ad-Hoc|iPhone
		Ad-Hoc|iPhoneSimulator = Ad-Hoc|iPhoneSimulator
		Ad-Hoc|x64 = Ad-Hoc|x64
		Ad-Hoc|x86 = Ad-Hoc|x86
		AppStore|Any CPU = AppStore|Any CPU
		AppStore|ARM = AppStore|ARM
		AppStore|iPhone = AppStore|iPhone
		AppStore|iPhoneSimulator = AppStore|iPhoneSimulator
		AppStore|x64 = AppStore|x64
		AppStore|x86 = AppStore|x86
		Debug|Any CPU = Debug|Any CPU
		Debug|ARM = Debug|ARM
		Debug|iPhone = Debug|iPhone
		Debug|iPhoneSimulator = Debug|iPhoneSimulator
		Debug|x64 = Debug|x64
		Debug|x86 = Debug|x86
		Release|Any CPU = Release|Any CPU
		Release|ARM = Release|ARM
		Release|iPhone = Release|iPhone
		Release|iPhoneSimulator = Release|iPhoneSimulator
		Release|x64 = Release|x64
		Release|x86 = Release|x86
	EndGlobalSection
	GlobalSection(ProjectConfigurationPlatforms) = postSolution
		{377E0240-CE14-4E21-B0B1-4EC814432C21}.Ad-Hoc|Any CPU.ActiveCfg = Debug|Any CPU
		{377E0240-CE14-4E21-B0B1-4EC814432C21}.Ad-Hoc|Any CPU.Build.0 = Debug|Any CPU
		{377E0240-CE14-4E21-B0B1-4EC814432C21}.Ad-Hoc|ARM.ActiveCfg = Debug|Any CPU
		{377E0240-CE14-4E21-B0B1-4EC814432C21}.Ad-Hoc|ARM.Build.0 = Debug|Any CPU
		{377E0240-CE14-4E21-B0B1-4EC814432C21}.Ad-Hoc|iPhone.ActiveCfg = Debug|Any CPU
		{377E0240-CE14-4E21-B0B1-4EC814432C21}.Ad-Hoc|iPhone.Build.0 = Debug|Any CPU
		{377E0240-CE14-4E21-B0B1-4EC814432C21}.Ad-Hoc|iPhoneSimulator.ActiveCfg = Debug|Any CPU
		{377E0240-CE14-4E21-B0B1-4EC814432C21}.Ad-Hoc|iPhoneSimulator.Build.0 = Debug|Any CPU
		{377E0240-CE14-4E21-B0B1-4EC814432C21}.Ad-Hoc|x64.ActiveCfg = Debug|Any CPU
		{377E0240-CE14-4E21-B0B1-4EC814432C21}.Ad-Hoc|x64.Build.0 = Debug|Any CPU
		{377E0240-CE14-4E21-B0B1-4EC814432C21}.Ad-Hoc|x86.ActiveCfg = Debug|Any CPU
		{377E0240-CE14-4E21-B0B1-4EC814432C21}.Ad-Hoc|x86.Build.0 = Debug|Any CPU
		{377E0240-CE14-4E21-B0B1-4EC814432C21}.AppStore|Any CPU.ActiveCfg = Debug|Any CPU
		{377E0240-CE14-4E21-B0B1-4EC814432C21}.AppStore|Any CPU.Build.0 = Debug|Any CPU
		{377E0240-CE14-4E21-B0B1-4EC814432C21}.AppStore|ARM.ActiveCfg = Debug|Any CPU
		{377E0240-CE14-4E21-B0B1-4EC814432C21}.AppStore|ARM.Build.0 = Debug|Any CPU
		{377E0240-CE14-4E21-B0B1-4EC814432C21}.AppStore|iPhone.ActiveCfg = Debug|Any CPU
		{377E0240-CE14-4E21-B0B1-4EC814432C21}.AppStore|iPhone.Build.0 = Debug|Any CPU
		{377E0240-CE14-4E21-B0B1-4EC814432C21}.AppStore|iPhoneSimulator.ActiveCfg = Debug|Any CPU
		{377E0240-CE14-4E21-B0B1-4EC814432C21}.AppStore|iPhoneSimulator.Build.0 = Debug|Any CPU
		{377E0240-CE14-4E21-B0B1-4EC814432C21}.AppStore|x64.ActiveCfg = Debug|Any CPU
		{377E0240-CE14-4E21-B0B1-4EC814432C21}.AppStore|x64.Build.0 = Debug|Any CPU
		{377E0240-CE14-4E21-B0B1-4EC814432C21}.AppStore|x86.ActiveCfg = Debug|Any CPU
		{377E0240-CE14-4E21-B0B1-4EC814432C21}.AppStore|x86.Build.0 = Debug|Any CPU
		{377E0240-CE14-4E21-B0B1-4EC814432C21}.Debug|Any CPU.ActiveCfg = Debug|Any CPU
		{377E0240-CE14-4E21-B0B1-4EC814432C21}.Debug|Any CPU.Build.0 = Debug|Any CPU
		{377E0240-CE14-4E21-B0B1-4EC814432C21}.Debug|ARM.ActiveCfg = Debug|Any CPU
		{377E0240-CE14-4E21-B0B1-4EC814432C21}.Debug|ARM.Build.0 = Debug|Any CPU
		{377E0240-CE14-4E21-B0B1-4EC814432C21}.Debug|iPhone.ActiveCfg = Debug|Any CPU
		{377E0240-CE14-4E21-B0B1-4EC814432C21}.Debug|iPhone.Build.0 = Debug|Any CPU
		{377E0240-CE14-4E21-B0B1-4EC814432C21}.Debug|iPhoneSimulator.ActiveCfg = Debug|Any CPU
		{377E0240-CE14-4E21-B0B1-4EC814432C21}.Debug|iPhoneSimulator.Build.0 = Debug|Any CPU
		{377E0240-CE14-4E21-B0B1-4EC814432C21}.Debug|x64.ActiveCfg = Debug|Any CPU
		{377E0240-CE14-4E21-B0B1-4EC814432C21}.Debug|x64.Build.0 = Debug|Any CPU
		{377E0240-CE14-4E21-B0B1-4EC814432C21}.Debug|x86.ActiveCfg = Debug|Any CPU
		{377E0240-CE14-4E21-B0B1-4EC814432C21}.Debug|x86.Build.0 = Debug|Any CPU
		{377E0240-CE14-4E21-B0B1-4EC814432C21}.Release|Any CPU.ActiveCfg = Release|Any CPU
		{377E0240-CE14-4E21-B0B1-4EC814432C21}.Release|Any CPU.Build.0 = Release|Any CPU
		{377E0240-CE14-4E21-B0B1-4EC814432C21}.Release|ARM.ActiveCfg = Release|Any CPU
		{377E0240-CE14-4E21-B0B1-4EC814432C21}.Release|ARM.Build.0 = Release|Any CPU
		{377E0240-CE14-4E21-B0B1-4EC814432C21}.Release|iPhone.ActiveCfg = Release|Any CPU
		{377E0240-CE14-4E21-B0B1-4EC814432C21}.Release|iPhone.Build.0 = Release|Any CPU
		{377E0240-CE14-4E21-B0B1-4EC814432C21}.Release|iPhoneSimulator.ActiveCfg = Release|Any CPU
		{377E0240-CE14-4E21-B0B1-4EC814432C21}.Release|iPhoneSimulator.Build.0 = Release|Any CPU
		{377E0240-CE14-4E21-B0B1-4EC814432C21}.Release|x64.ActiveCfg = Release|Any CPU
		{377E0240-CE14-4E21-B0B1-4EC814432C21}.Release|x64.Build.0 = Release|Any CPU
		{377E0240-CE14-4E21-B0B1-4EC814432C21}.Release|x86.ActiveCfg = Release|Any CPU
		{377E0240-CE14-4E21-B0B1-4EC814432C21}.Release|x86.Build.0 = Release|Any CPU
		{F88CEC7D-6C88-4D16-AFDE-F3DFB3CBF0DF}.Ad-Hoc|Any CPU.ActiveCfg = Ad-Hoc|iPhone
		{F88CEC7D-6C88-4D16-AFDE-F3DFB3CBF0DF}.Ad-Hoc|ARM.ActiveCfg = Ad-Hoc|iPhone
		{F88CEC7D-6C88-4D16-AFDE-F3DFB3CBF0DF}.Ad-Hoc|iPhone.ActiveCfg = Ad-Hoc|iPhone
		{F88CEC7D-6C88-4D16-AFDE-F3DFB3CBF0DF}.Ad-Hoc|iPhone.Build.0 = Ad-Hoc|iPhone
		{F88CEC7D-6C88-4D16-AFDE-F3DFB3CBF0DF}.Ad-Hoc|iPhoneSimulator.ActiveCfg = Ad-Hoc|iPhoneSimulator
		{F88CEC7D-6C88-4D16-AFDE-F3DFB3CBF0DF}.Ad-Hoc|iPhoneSimulator.Build.0 = Ad-Hoc|iPhoneSimulator
		{F88CEC7D-6C88-4D16-AFDE-F3DFB3CBF0DF}.Ad-Hoc|x64.ActiveCfg = Ad-Hoc|iPhone
		{F88CEC7D-6C88-4D16-AFDE-F3DFB3CBF0DF}.Ad-Hoc|x86.ActiveCfg = Ad-Hoc|iPhone
		{F88CEC7D-6C88-4D16-AFDE-F3DFB3CBF0DF}.AppStore|Any CPU.ActiveCfg = AppStore|iPhone
		{F88CEC7D-6C88-4D16-AFDE-F3DFB3CBF0DF}.AppStore|ARM.ActiveCfg = AppStore|iPhone
		{F88CEC7D-6C88-4D16-AFDE-F3DFB3CBF0DF}.AppStore|iPhone.ActiveCfg = AppStore|iPhone
		{F88CEC7D-6C88-4D16-AFDE-F3DFB3CBF0DF}.AppStore|iPhone.Build.0 = AppStore|iPhone
		{F88CEC7D-6C88-4D16-AFDE-F3DFB3CBF0DF}.AppStore|iPhoneSimulator.ActiveCfg = AppStore|iPhoneSimulator
		{F88CEC7D-6C88-4D16-AFDE-F3DFB3CBF0DF}.AppStore|iPhoneSimulator.Build.0 = AppStore|iPhoneSimulator
		{F88CEC7D-6C88-4D16-AFDE-F3DFB3CBF0DF}.AppStore|x64.ActiveCfg = AppStore|iPhone
		{F88CEC7D-6C88-4D16-AFDE-F3DFB3CBF0DF}.AppStore|x86.ActiveCfg = AppStore|iPhone
		{F88CEC7D-6C88-4D16-AFDE-F3DFB3CBF0DF}.Debug|Any CPU.ActiveCfg = Debug|iPhone
		{F88CEC7D-6C88-4D16-AFDE-F3DFB3CBF0DF}.Debug|ARM.ActiveCfg = Debug|iPhone
		{F88CEC7D-6C88-4D16-AFDE-F3DFB3CBF0DF}.Debug|iPhone.ActiveCfg = Debug|iPhone
		{F88CEC7D-6C88-4D16-AFDE-F3DFB3CBF0DF}.Debug|iPhone.Build.0 = Debug|iPhone
		{F88CEC7D-6C88-4D16-AFDE-F3DFB3CBF0DF}.Debug|iPhoneSimulator.ActiveCfg = Debug|iPhoneSimulator
		{F88CEC7D-6C88-4D16-AFDE-F3DFB3CBF0DF}.Debug|iPhoneSimulator.Build.0 = Debug|iPhoneSimulator
		{F88CEC7D-6C88-4D16-AFDE-F3DFB3CBF0DF}.Debug|x64.ActiveCfg = Debug|iPhone
		{F88CEC7D-6C88-4D16-AFDE-F3DFB3CBF0DF}.Debug|x86.ActiveCfg = Debug|iPhone
		{F88CEC7D-6C88-4D16-AFDE-F3DFB3CBF0DF}.Release|Any CPU.ActiveCfg = Release|iPhone
		{F88CEC7D-6C88-4D16-AFDE-F3DFB3CBF0DF}.Release|ARM.ActiveCfg = Release|iPhone
		{F88CEC7D-6C88-4D16-AFDE-F3DFB3CBF0DF}.Release|iPhone.ActiveCfg = Release|iPhone
		{F88CEC7D-6C88-4D16-AFDE-F3DFB3CBF0DF}.Release|iPhone.Build.0 = Release|iPhone
		{F88CEC7D-6C88-4D16-AFDE-F3DFB3CBF0DF}.Release|iPhoneSimulator.ActiveCfg = Release|iPhoneSimulator
		{F88CEC7D-6C88-4D16-AFDE-F3DFB3CBF0DF}.Release|iPhoneSimulator.Build.0 = Release|iPhoneSimulator
		{F88CEC7D-6C88-4D16-AFDE-F3DFB3CBF0DF}.Release|x64.ActiveCfg = Release|iPhone
		{F88CEC7D-6C88-4D16-AFDE-F3DFB3CBF0DF}.Release|x86.ActiveCfg = Release|iPhone
		{C271B46E-3F95-45AD-AAE5-8D9D2F81AFFE}.Ad-Hoc|Any CPU.ActiveCfg = Release|x86
		{C271B46E-3F95-45AD-AAE5-8D9D2F81AFFE}.Ad-Hoc|Any CPU.Build.0 = Release|x86
		{C271B46E-3F95-45AD-AAE5-8D9D2F81AFFE}.Ad-Hoc|Any CPU.Deploy.0 = Release|x86
		{C271B46E-3F95-45AD-AAE5-8D9D2F81AFFE}.Ad-Hoc|ARM.ActiveCfg = Release|ARM
		{C271B46E-3F95-45AD-AAE5-8D9D2F81AFFE}.Ad-Hoc|ARM.Build.0 = Release|ARM
		{C271B46E-3F95-45AD-AAE5-8D9D2F81AFFE}.Ad-Hoc|ARM.Deploy.0 = Release|ARM
		{C271B46E-3F95-45AD-AAE5-8D9D2F81AFFE}.Ad-Hoc|iPhone.ActiveCfg = Release|x86
		{C271B46E-3F95-45AD-AAE5-8D9D2F81AFFE}.Ad-Hoc|iPhone.Build.0 = Release|x86
		{C271B46E-3F95-45AD-AAE5-8D9D2F81AFFE}.Ad-Hoc|iPhone.Deploy.0 = Release|x86
		{C271B46E-3F95-45AD-AAE5-8D9D2F81AFFE}.Ad-Hoc|iPhoneSimulator.ActiveCfg = Release|x86
		{C271B46E-3F95-45AD-AAE5-8D9D2F81AFFE}.Ad-Hoc|iPhoneSimulator.Build.0 = Release|x86
		{C271B46E-3F95-45AD-AAE5-8D9D2F81AFFE}.Ad-Hoc|iPhoneSimulator.Deploy.0 = Release|x86
		{C271B46E-3F95-45AD-AAE5-8D9D2F81AFFE}.Ad-Hoc|x64.ActiveCfg = Release|x64
		{C271B46E-3F95-45AD-AAE5-8D9D2F81AFFE}.Ad-Hoc|x64.Build.0 = Release|x64
		{C271B46E-3F95-45AD-AAE5-8D9D2F81AFFE}.Ad-Hoc|x64.Deploy.0 = Release|x64
		{C271B46E-3F95-45AD-AAE5-8D9D2F81AFFE}.Ad-Hoc|x86.ActiveCfg = Release|x86
		{C271B46E-3F95-45AD-AAE5-8D9D2F81AFFE}.Ad-Hoc|x86.Build.0 = Release|x86
		{C271B46E-3F95-45AD-AAE5-8D9D2F81AFFE}.Ad-Hoc|x86.Deploy.0 = Release|x86
		{C271B46E-3F95-45AD-AAE5-8D9D2F81AFFE}.AppStore|Any CPU.ActiveCfg = Release|x86
		{C271B46E-3F95-45AD-AAE5-8D9D2F81AFFE}.AppStore|Any CPU.Build.0 = Release|x86
		{C271B46E-3F95-45AD-AAE5-8D9D2F81AFFE}.AppStore|Any CPU.Deploy.0 = Release|x86
		{C271B46E-3F95-45AD-AAE5-8D9D2F81AFFE}.AppStore|ARM.ActiveCfg = Release|ARM
		{C271B46E-3F95-45AD-AAE5-8D9D2F81AFFE}.AppStore|ARM.Build.0 = Release|ARM
		{C271B46E-3F95-45AD-AAE5-8D9D2F81AFFE}.AppStore|ARM.Deploy.0 = Release|ARM
		{C271B46E-3F95-45AD-AAE5-8D9D2F81AFFE}.AppStore|iPhone.ActiveCfg = Release|x86
		{C271B46E-3F95-45AD-AAE5-8D9D2F81AFFE}.AppStore|iPhone.Build.0 = Release|x86
		{C271B46E-3F95-45AD-AAE5-8D9D2F81AFFE}.AppStore|iPhone.Deploy.0 = Release|x86
		{C271B46E-3F95-45AD-AAE5-8D9D2F81AFFE}.AppStore|iPhoneSimulator.ActiveCfg = Release|x86
		{C271B46E-3F95-45AD-AAE5-8D9D2F81AFFE}.AppStore|iPhoneSimulator.Build.0 = Release|x86
		{C271B46E-3F95-45AD-AAE5-8D9D2F81AFFE}.AppStore|iPhoneSimulator.Deploy.0 = Release|x86
		{C271B46E-3F95-45AD-AAE5-8D9D2F81AFFE}.AppStore|x64.ActiveCfg = Release|x64
		{C271B46E-3F95-45AD-AAE5-8D9D2F81AFFE}.AppStore|x64.Build.0 = Release|x64
		{C271B46E-3F95-45AD-AAE5-8D9D2F81AFFE}.AppStore|x64.Deploy.0 = Release|x64
		{C271B46E-3F95-45AD-AAE5-8D9D2F81AFFE}.AppStore|x86.ActiveCfg = Release|x86
		{C271B46E-3F95-45AD-AAE5-8D9D2F81AFFE}.AppStore|x86.Build.0 = Release|x86
		{C271B46E-3F95-45AD-AAE5-8D9D2F81AFFE}.AppStore|x86.Deploy.0 = Release|x86
		{C271B46E-3F95-45AD-AAE5-8D9D2F81AFFE}.Debug|Any CPU.ActiveCfg = Debug|x86
		{C271B46E-3F95-45AD-AAE5-8D9D2F81AFFE}.Debug|ARM.ActiveCfg = Debug|ARM
		{C271B46E-3F95-45AD-AAE5-8D9D2F81AFFE}.Debug|ARM.Build.0 = Debug|ARM
		{C271B46E-3F95-45AD-AAE5-8D9D2F81AFFE}.Debug|ARM.Deploy.0 = Debug|ARM
		{C271B46E-3F95-45AD-AAE5-8D9D2F81AFFE}.Debug|iPhone.ActiveCfg = Debug|x86
		{C271B46E-3F95-45AD-AAE5-8D9D2F81AFFE}.Debug|iPhoneSimulator.ActiveCfg = Debug|x86
		{C271B46E-3F95-45AD-AAE5-8D9D2F81AFFE}.Debug|x64.ActiveCfg = Debug|x64
		{C271B46E-3F95-45AD-AAE5-8D9D2F81AFFE}.Debug|x64.Build.0 = Debug|x64
		{C271B46E-3F95-45AD-AAE5-8D9D2F81AFFE}.Debug|x64.Deploy.0 = Debug|x64
		{C271B46E-3F95-45AD-AAE5-8D9D2F81AFFE}.Debug|x86.ActiveCfg = Debug|x86
		{C271B46E-3F95-45AD-AAE5-8D9D2F81AFFE}.Debug|x86.Build.0 = Debug|x86
		{C271B46E-3F95-45AD-AAE5-8D9D2F81AFFE}.Debug|x86.Deploy.0 = Debug|x86
		{C271B46E-3F95-45AD-AAE5-8D9D2F81AFFE}.Release|Any CPU.ActiveCfg = Release|x86
		{C271B46E-3F95-45AD-AAE5-8D9D2F81AFFE}.Release|ARM.ActiveCfg = Release|ARM
		{C271B46E-3F95-45AD-AAE5-8D9D2F81AFFE}.Release|ARM.Build.0 = Release|ARM
		{C271B46E-3F95-45AD-AAE5-8D9D2F81AFFE}.Release|ARM.Deploy.0 = Release|ARM
		{C271B46E-3F95-45AD-AAE5-8D9D2F81AFFE}.Release|iPhone.ActiveCfg = Release|x86
		{C271B46E-3F95-45AD-AAE5-8D9D2F81AFFE}.Release|iPhoneSimulator.ActiveCfg = Release|x86
		{C271B46E-3F95-45AD-AAE5-8D9D2F81AFFE}.Release|x64.ActiveCfg = Release|x64
		{C271B46E-3F95-45AD-AAE5-8D9D2F81AFFE}.Release|x64.Build.0 = Release|x64
		{C271B46E-3F95-45AD-AAE5-8D9D2F81AFFE}.Release|x64.Deploy.0 = Release|x64
		{C271B46E-3F95-45AD-AAE5-8D9D2F81AFFE}.Release|x86.ActiveCfg = Release|x86
		{C271B46E-3F95-45AD-AAE5-8D9D2F81AFFE}.Release|x86.Build.0 = Release|x86
		{C271B46E-3F95-45AD-AAE5-8D9D2F81AFFE}.Release|x86.Deploy.0 = Release|x86
		{20FDA6ED-B68E-4610-807B-F358668F181E}.Ad-Hoc|Any CPU.ActiveCfg = Release|Any CPU
		{20FDA6ED-B68E-4610-807B-F358668F181E}.Ad-Hoc|Any CPU.Build.0 = Release|Any CPU
		{20FDA6ED-B68E-4610-807B-F358668F181E}.Ad-Hoc|Any CPU.Deploy.0 = Release|Any CPU
		{20FDA6ED-B68E-4610-807B-F358668F181E}.Ad-Hoc|ARM.ActiveCfg = Release|Any CPU
		{20FDA6ED-B68E-4610-807B-F358668F181E}.Ad-Hoc|ARM.Build.0 = Release|Any CPU
		{20FDA6ED-B68E-4610-807B-F358668F181E}.Ad-Hoc|ARM.Deploy.0 = Release|Any CPU
		{20FDA6ED-B68E-4610-807B-F358668F181E}.Ad-Hoc|iPhone.ActiveCfg = Release|Any CPU
		{20FDA6ED-B68E-4610-807B-F358668F181E}.Ad-Hoc|iPhone.Build.0 = Release|Any CPU
		{20FDA6ED-B68E-4610-807B-F358668F181E}.Ad-Hoc|iPhone.Deploy.0 = Release|Any CPU
		{20FDA6ED-B68E-4610-807B-F358668F181E}.Ad-Hoc|iPhoneSimulator.ActiveCfg = Release|Any CPU
		{20FDA6ED-B68E-4610-807B-F358668F181E}.Ad-Hoc|iPhoneSimulator.Build.0 = Release|Any CPU
		{20FDA6ED-B68E-4610-807B-F358668F181E}.Ad-Hoc|iPhoneSimulator.Deploy.0 = Release|Any CPU
		{20FDA6ED-B68E-4610-807B-F358668F181E}.Ad-Hoc|x64.ActiveCfg = Release|Any CPU
		{20FDA6ED-B68E-4610-807B-F358668F181E}.Ad-Hoc|x64.Build.0 = Release|Any CPU
		{20FDA6ED-B68E-4610-807B-F358668F181E}.Ad-Hoc|x64.Deploy.0 = Release|Any CPU
		{20FDA6ED-B68E-4610-807B-F358668F181E}.Ad-Hoc|x86.ActiveCfg = Release|Any CPU
		{20FDA6ED-B68E-4610-807B-F358668F181E}.Ad-Hoc|x86.Build.0 = Release|Any CPU
		{20FDA6ED-B68E-4610-807B-F358668F181E}.Ad-Hoc|x86.Deploy.0 = Release|Any CPU
		{20FDA6ED-B68E-4610-807B-F358668F181E}.AppStore|Any CPU.ActiveCfg = Release|Any CPU
		{20FDA6ED-B68E-4610-807B-F358668F181E}.AppStore|Any CPU.Build.0 = Release|Any CPU
		{20FDA6ED-B68E-4610-807B-F358668F181E}.AppStore|Any CPU.Deploy.0 = Release|Any CPU
		{20FDA6ED-B68E-4610-807B-F358668F181E}.AppStore|ARM.ActiveCfg = Release|Any CPU
		{20FDA6ED-B68E-4610-807B-F358668F181E}.AppStore|ARM.Build.0 = Release|Any CPU
		{20FDA6ED-B68E-4610-807B-F358668F181E}.AppStore|ARM.Deploy.0 = Release|Any CPU
		{20FDA6ED-B68E-4610-807B-F358668F181E}.AppStore|iPhone.ActiveCfg = Release|Any CPU
		{20FDA6ED-B68E-4610-807B-F358668F181E}.AppStore|iPhone.Build.0 = Release|Any CPU
		{20FDA6ED-B68E-4610-807B-F358668F181E}.AppStore|iPhone.Deploy.0 = Release|Any CPU
		{20FDA6ED-B68E-4610-807B-F358668F181E}.AppStore|iPhoneSimulator.ActiveCfg = Release|Any CPU
		{20FDA6ED-B68E-4610-807B-F358668F181E}.AppStore|iPhoneSimulator.Build.0 = Release|Any CPU
		{20FDA6ED-B68E-4610-807B-F358668F181E}.AppStore|iPhoneSimulator.Deploy.0 = Release|Any CPU
		{20FDA6ED-B68E-4610-807B-F358668F181E}.AppStore|x64.ActiveCfg = Release|Any CPU
		{20FDA6ED-B68E-4610-807B-F358668F181E}.AppStore|x64.Build.0 = Release|Any CPU
		{20FDA6ED-B68E-4610-807B-F358668F181E}.AppStore|x64.Deploy.0 = Release|Any CPU
		{20FDA6ED-B68E-4610-807B-F358668F181E}.AppStore|x86.ActiveCfg = Release|Any CPU
		{20FDA6ED-B68E-4610-807B-F358668F181E}.AppStore|x86.Build.0 = Release|Any CPU
		{20FDA6ED-B68E-4610-807B-F358668F181E}.AppStore|x86.Deploy.0 = Release|Any CPU
		{20FDA6ED-B68E-4610-807B-F358668F181E}.Debug|Any CPU.ActiveCfg = Debug|Any CPU
		{20FDA6ED-B68E-4610-807B-F358668F181E}.Debug|Any CPU.Build.0 = Debug|Any CPU
		{20FDA6ED-B68E-4610-807B-F358668F181E}.Debug|Any CPU.Deploy.0 = Debug|Any CPU
		{20FDA6ED-B68E-4610-807B-F358668F181E}.Debug|ARM.ActiveCfg = Debug|Any CPU
		{20FDA6ED-B68E-4610-807B-F358668F181E}.Debug|ARM.Build.0 = Debug|Any CPU
		{20FDA6ED-B68E-4610-807B-F358668F181E}.Debug|ARM.Deploy.0 = Debug|Any CPU
		{20FDA6ED-B68E-4610-807B-F358668F181E}.Debug|iPhone.ActiveCfg = Debug|Any CPU
		{20FDA6ED-B68E-4610-807B-F358668F181E}.Debug|iPhone.Build.0 = Debug|Any CPU
		{20FDA6ED-B68E-4610-807B-F358668F181E}.Debug|iPhone.Deploy.0 = Debug|Any CPU
		{20FDA6ED-B68E-4610-807B-F358668F181E}.Debug|iPhoneSimulator.ActiveCfg = Debug|Any CPU
		{20FDA6ED-B68E-4610-807B-F358668F181E}.Debug|iPhoneSimulator.Build.0 = Debug|Any CPU
		{20FDA6ED-B68E-4610-807B-F358668F181E}.Debug|iPhoneSimulator.Deploy.0 = Debug|Any CPU
		{20FDA6ED-B68E-4610-807B-F358668F181E}.Debug|x64.ActiveCfg = Debug|Any CPU
		{20FDA6ED-B68E-4610-807B-F358668F181E}.Debug|x64.Build.0 = Debug|Any CPU
		{20FDA6ED-B68E-4610-807B-F358668F181E}.Debug|x64.Deploy.0 = Debug|Any CPU
		{20FDA6ED-B68E-4610-807B-F358668F181E}.Debug|x86.ActiveCfg = Debug|Any CPU
		{20FDA6ED-B68E-4610-807B-F358668F181E}.Debug|x86.Build.0 = Debug|Any CPU
		{20FDA6ED-B68E-4610-807B-F358668F181E}.Debug|x86.Deploy.0 = Debug|Any CPU
		{20FDA6ED-B68E-4610-807B-F358668F181E}.Release|Any CPU.ActiveCfg = Release|Any CPU
		{20FDA6ED-B68E-4610-807B-F358668F181E}.Release|Any CPU.Build.0 = Release|Any CPU
		{20FDA6ED-B68E-4610-807B-F358668F181E}.Release|Any CPU.Deploy.0 = Release|Any CPU
		{20FDA6ED-B68E-4610-807B-F358668F181E}.Release|ARM.ActiveCfg = Release|Any CPU
		{20FDA6ED-B68E-4610-807B-F358668F181E}.Release|ARM.Build.0 = Release|Any CPU
		{20FDA6ED-B68E-4610-807B-F358668F181E}.Release|ARM.Deploy.0 = Release|Any CPU
		{20FDA6ED-B68E-4610-807B-F358668F181E}.Release|iPhone.ActiveCfg = Release|Any CPU
		{20FDA6ED-B68E-4610-807B-F358668F181E}.Release|iPhone.Build.0 = Release|Any CPU
		{20FDA6ED-B68E-4610-807B-F358668F181E}.Release|iPhone.Deploy.0 = Release|Any CPU
		{20FDA6ED-B68E-4610-807B-F358668F181E}.Release|iPhoneSimulator.ActiveCfg = Release|Any CPU
		{20FDA6ED-B68E-4610-807B-F358668F181E}.Release|iPhoneSimulator.Build.0 = Release|Any CPU
		{20FDA6ED-B68E-4610-807B-F358668F181E}.Release|iPhoneSimulator.Deploy.0 = Release|Any CPU
		{20FDA6ED-B68E-4610-807B-F358668F181E}.Release|x64.ActiveCfg = Release|Any CPU
		{20FDA6ED-B68E-4610-807B-F358668F181E}.Release|x64.Build.0 = Release|Any CPU
		{20FDA6ED-B68E-4610-807B-F358668F181E}.Release|x64.Deploy.0 = Release|Any CPU
		{20FDA6ED-B68E-4610-807B-F358668F181E}.Release|x86.ActiveCfg = Release|Any CPU
		{20FDA6ED-B68E-4610-807B-F358668F181E}.Release|x86.Build.0 = Release|Any CPU
		{20FDA6ED-B68E-4610-807B-F358668F181E}.Release|x86.Deploy.0 = Release|Any CPU
		{B445DF73-AC9E-4276-9FBA-7CB5AD5D2518}.Ad-Hoc|Any CPU.ActiveCfg = Release|Any CPU
		{B445DF73-AC9E-4276-9FBA-7CB5AD5D2518}.Ad-Hoc|Any CPU.Build.0 = Release|Any CPU
		{B445DF73-AC9E-4276-9FBA-7CB5AD5D2518}.Ad-Hoc|ARM.ActiveCfg = Release|Any CPU
		{B445DF73-AC9E-4276-9FBA-7CB5AD5D2518}.Ad-Hoc|ARM.Build.0 = Release|Any CPU
		{B445DF73-AC9E-4276-9FBA-7CB5AD5D2518}.Ad-Hoc|iPhone.ActiveCfg = Release|Any CPU
		{B445DF73-AC9E-4276-9FBA-7CB5AD5D2518}.Ad-Hoc|iPhone.Build.0 = Release|Any CPU
		{B445DF73-AC9E-4276-9FBA-7CB5AD5D2518}.Ad-Hoc|iPhoneSimulator.ActiveCfg = Release|Any CPU
		{B445DF73-AC9E-4276-9FBA-7CB5AD5D2518}.Ad-Hoc|iPhoneSimulator.Build.0 = Release|Any CPU
		{B445DF73-AC9E-4276-9FBA-7CB5AD5D2518}.Ad-Hoc|x64.ActiveCfg = Release|Any CPU
		{B445DF73-AC9E-4276-9FBA-7CB5AD5D2518}.Ad-Hoc|x64.Build.0 = Release|Any CPU
		{B445DF73-AC9E-4276-9FBA-7CB5AD5D2518}.Ad-Hoc|x86.ActiveCfg = Release|Any CPU
		{B445DF73-AC9E-4276-9FBA-7CB5AD5D2518}.Ad-Hoc|x86.Build.0 = Release|Any CPU
		{B445DF73-AC9E-4276-9FBA-7CB5AD5D2518}.AppStore|Any CPU.ActiveCfg = Release|Any CPU
		{B445DF73-AC9E-4276-9FBA-7CB5AD5D2518}.AppStore|Any CPU.Build.0 = Release|Any CPU
		{B445DF73-AC9E-4276-9FBA-7CB5AD5D2518}.AppStore|ARM.ActiveCfg = Release|Any CPU
		{B445DF73-AC9E-4276-9FBA-7CB5AD5D2518}.AppStore|ARM.Build.0 = Release|Any CPU
		{B445DF73-AC9E-4276-9FBA-7CB5AD5D2518}.AppStore|iPhone.ActiveCfg = Release|Any CPU
		{B445DF73-AC9E-4276-9FBA-7CB5AD5D2518}.AppStore|iPhone.Build.0 = Release|Any CPU
		{B445DF73-AC9E-4276-9FBA-7CB5AD5D2518}.AppStore|iPhoneSimulator.ActiveCfg = Release|Any CPU
		{B445DF73-AC9E-4276-9FBA-7CB5AD5D2518}.AppStore|iPhoneSimulator.Build.0 = Release|Any CPU
		{B445DF73-AC9E-4276-9FBA-7CB5AD5D2518}.AppStore|x64.ActiveCfg = Release|Any CPU
		{B445DF73-AC9E-4276-9FBA-7CB5AD5D2518}.AppStore|x64.Build.0 = Release|Any CPU
		{B445DF73-AC9E-4276-9FBA-7CB5AD5D2518}.AppStore|x86.ActiveCfg = Release|Any CPU
		{B445DF73-AC9E-4276-9FBA-7CB5AD5D2518}.AppStore|x86.Build.0 = Release|Any CPU
		{B445DF73-AC9E-4276-9FBA-7CB5AD5D2518}.Debug|Any CPU.ActiveCfg = Debug|Any CPU
		{B445DF73-AC9E-4276-9FBA-7CB5AD5D2518}.Debug|Any CPU.Build.0 = Debug|Any CPU
		{B445DF73-AC9E-4276-9FBA-7CB5AD5D2518}.Debug|ARM.ActiveCfg = Debug|Any CPU
		{B445DF73-AC9E-4276-9FBA-7CB5AD5D2518}.Debug|ARM.Build.0 = Debug|Any CPU
		{B445DF73-AC9E-4276-9FBA-7CB5AD5D2518}.Debug|iPhone.ActiveCfg = Debug|Any CPU
		{B445DF73-AC9E-4276-9FBA-7CB5AD5D2518}.Debug|iPhone.Build.0 = Debug|Any CPU
		{B445DF73-AC9E-4276-9FBA-7CB5AD5D2518}.Debug|iPhoneSimulator.ActiveCfg = Debug|Any CPU
		{B445DF73-AC9E-4276-9FBA-7CB5AD5D2518}.Debug|iPhoneSimulator.Build.0 = Debug|Any CPU
		{B445DF73-AC9E-4276-9FBA-7CB5AD5D2518}.Debug|x64.ActiveCfg = Debug|Any CPU
		{B445DF73-AC9E-4276-9FBA-7CB5AD5D2518}.Debug|x64.Build.0 = Debug|Any CPU
		{B445DF73-AC9E-4276-9FBA-7CB5AD5D2518}.Debug|x86.ActiveCfg = Debug|Any CPU
		{B445DF73-AC9E-4276-9FBA-7CB5AD5D2518}.Debug|x86.Build.0 = Debug|Any CPU
		{B445DF73-AC9E-4276-9FBA-7CB5AD5D2518}.Release|Any CPU.ActiveCfg = Release|Any CPU
		{B445DF73-AC9E-4276-9FBA-7CB5AD5D2518}.Release|Any CPU.Build.0 = Release|Any CPU
		{B445DF73-AC9E-4276-9FBA-7CB5AD5D2518}.Release|ARM.ActiveCfg = Release|Any CPU
		{B445DF73-AC9E-4276-9FBA-7CB5AD5D2518}.Release|ARM.Build.0 = Release|Any CPU
		{B445DF73-AC9E-4276-9FBA-7CB5AD5D2518}.Release|iPhone.ActiveCfg = Release|Any CPU
		{B445DF73-AC9E-4276-9FBA-7CB5AD5D2518}.Release|iPhone.Build.0 = Release|Any CPU
		{B445DF73-AC9E-4276-9FBA-7CB5AD5D2518}.Release|iPhoneSimulator.ActiveCfg = Release|Any CPU
		{B445DF73-AC9E-4276-9FBA-7CB5AD5D2518}.Release|iPhoneSimulator.Build.0 = Release|Any CPU
		{B445DF73-AC9E-4276-9FBA-7CB5AD5D2518}.Release|x64.ActiveCfg = Release|Any CPU
		{B445DF73-AC9E-4276-9FBA-7CB5AD5D2518}.Release|x64.Build.0 = Release|Any CPU
		{B445DF73-AC9E-4276-9FBA-7CB5AD5D2518}.Release|x86.ActiveCfg = Release|Any CPU
		{B445DF73-AC9E-4276-9FBA-7CB5AD5D2518}.Release|x86.Build.0 = Release|Any CPU
	EndGlobalSection
	GlobalSection(SolutionProperties) = preSolution
		HideSolutionNode = FALSE
	EndGlobalSection
	GlobalSection(ExtensibilityGlobals) = postSolution
		SolutionGuid = {F6D05029-56B8-4E45-AF2D-0E76295DDBA2}
	EndGlobalSection
EndGlobal
