
Microsoft Visual Studio Solution File, Format Version 12.00
# Visual Studio 15
VisualStudioVersion = 15.0.27004.2010
MinimumVisualStudioVersion = 10.0.40219.1
Project("{2150E333-8FDC-42A3-9474-1A3956D46DE8}") = "Files", "Files", "{272FF237-109D-4AC6-AD83-4ECB091D9214}"
	ProjectSection(SolutionItems) = preProject
		.gitignore = .gitignore
		build.cake = build.cake
		build.cmd = build.cmd
		Readme.md = Readme.md
	EndProjectSection
EndProject
Project("{2150E333-8FDC-42A3-9474-1A3956D46DE8}") = "Tests", "Tests", "{14129AEA-4608-40BB-8762-0166663C9846}"
EndProject
Project("{9A19103F-16F7-4668-BE54-9A1E7A4F7556}") = "XamarinDispatchScheduler.Tests", "XamarinDispatchScheduler.Tests\XamarinDispatchScheduler.Tests.csproj", "{2CFD040B-DC2B-4FCE-951C-3D33C68C998B}"
EndProject
Project("{FAE04EC0-301F-11D3-BF4B-00C04F79EFBC}") = "XamarinDispatchScheduler.Tests.Android", "XamarinDispatchScheduler.Tests.Android\XamarinDispatchScheduler.Tests.Android.csproj", "{203BC9DA-FB13-4C55-803E-F30F450BDAF8}"
EndProject
Project("{FAE04EC0-301F-11D3-BF4B-00C04F79EFBC}") = "XamarinDispatchScheduler.Tests.iOS", "XamarinDispatchScheduler.Tests.iOS\XamarinDispatchScheduler.Tests.iOS.csproj", "{F88CEC7D-6C88-4D16-AFDE-F3DFB3CBF0DF}"
EndProject
Project("{FAE04EC0-301F-11D3-BF4B-00C04F79EFBC}") = "XamarinDispatchScheduler.Tests.UWP", "XamarinDispatchScheduler.Tests.UWP\XamarinDispatchScheduler.Tests.UWP.csproj", "{7C65D294-E010-488D-A628-3030A441988E}"
EndProject
Project("{9A19103F-16F7-4668-BE54-9A1E7A4F7556}") = "XamarinDispatchScheduler", "XamarinDispatchScheduler\XamarinDispatchScheduler.csproj", "{62FCF2BC-EB60-47B3-A23F-9DA86FDCB182}"
EndProject
Global
	GlobalSection(SolutionConfigurationPlatforms) = preSolution
		Ad-Hoc|Any CPU = Ad-Hoc|Any CPU
		Ad-Hoc|ARM = Ad-Hoc|ARM
		Ad-Hoc|iPhone = Ad-Hoc|iPhone
		Ad-Hoc|iPhoneSimulator = Ad-Hoc|iPhoneSimulator
		Ad-Hoc|x64 = Ad-Hoc|x64
		Ad-Hoc|x86 = Ad-Hoc|x86
		AppStore|Any CPU = AppStore|Any CPU
		AppStore|ARM = AppStore|ARM
		AppStore|iPhone = AppStore|iPhone
		AppStore|iPhoneSimulator = AppStore|iPhoneSimulator
		AppStore|x64 = AppStore|x64
		AppStore|x86 = AppStore|x86
		Debug|Any CPU = Debug|Any CPU
		Debug|ARM = Debug|ARM
		Debug|iPhone = Debug|iPhone
		Debug|iPhoneSimulator = Debug|iPhoneSimulator
		Debug|x64 = Debug|x64
		Debug|x86 = Debug|x86
		Release|Any CPU = Release|Any CPU
		Release|ARM = Release|ARM
		Release|iPhone = Release|iPhone
		Release|iPhoneSimulator = Release|iPhoneSimulator
		Release|x64 = Release|x64
		Release|x86 = Release|x86
	EndGlobalSection
	GlobalSection(ProjectConfigurationPlatforms) = postSolution
		{2CFD040B-DC2B-4FCE-951C-3D33C68C998B}.Ad-Hoc|Any CPU.ActiveCfg = Debug|Any CPU
		{2CFD040B-DC2B-4FCE-951C-3D33C68C998B}.Ad-Hoc|Any CPU.Build.0 = Debug|Any CPU
		{2CFD040B-DC2B-4FCE-951C-3D33C68C998B}.Ad-Hoc|ARM.ActiveCfg = Debug|Any CPU
		{2CFD040B-DC2B-4FCE-951C-3D33C68C998B}.Ad-Hoc|ARM.Build.0 = Debug|Any CPU
		{2CFD040B-DC2B-4FCE-951C-3D33C68C998B}.Ad-Hoc|iPhone.ActiveCfg = Debug|Any CPU
		{2CFD040B-DC2B-4FCE-951C-3D33C68C998B}.Ad-Hoc|iPhone.Build.0 = Debug|Any CPU
		{2CFD040B-DC2B-4FCE-951C-3D33C68C998B}.Ad-Hoc|iPhoneSimulator.ActiveCfg = Debug|Any CPU
		{2CFD040B-DC2B-4FCE-951C-3D33C68C998B}.Ad-Hoc|iPhoneSimulator.Build.0 = Debug|Any CPU
		{2CFD040B-DC2B-4FCE-951C-3D33C68C998B}.Ad-Hoc|x64.ActiveCfg = Debug|Any CPU
		{2CFD040B-DC2B-4FCE-951C-3D33C68C998B}.Ad-Hoc|x64.Build.0 = Debug|Any CPU
		{2CFD040B-DC2B-4FCE-951C-3D33C68C998B}.Ad-Hoc|x86.ActiveCfg = Debug|Any CPU
		{2CFD040B-DC2B-4FCE-951C-3D33C68C998B}.Ad-Hoc|x86.Build.0 = Debug|Any CPU
		{2CFD040B-DC2B-4FCE-951C-3D33C68C998B}.AppStore|Any CPU.ActiveCfg = Debug|Any CPU
		{2CFD040B-DC2B-4FCE-951C-3D33C68C998B}.AppStore|Any CPU.Build.0 = Debug|Any CPU
		{2CFD040B-DC2B-4FCE-951C-3D33C68C998B}.AppStore|ARM.ActiveCfg = Debug|Any CPU
		{2CFD040B-DC2B-4FCE-951C-3D33C68C998B}.AppStore|ARM.Build.0 = Debug|Any CPU
		{2CFD040B-DC2B-4FCE-951C-3D33C68C998B}.AppStore|iPhone.ActiveCfg = Debug|Any CPU
		{2CFD040B-DC2B-4FCE-951C-3D33C68C998B}.AppStore|iPhone.Build.0 = Debug|Any CPU
		{2CFD040B-DC2B-4FCE-951C-3D33C68C998B}.AppStore|iPhoneSimulator.ActiveCfg = Debug|Any CPU
		{2CFD040B-DC2B-4FCE-951C-3D33C68C998B}.AppStore|iPhoneSimulator.Build.0 = Debug|Any CPU
		{2CFD040B-DC2B-4FCE-951C-3D33C68C998B}.AppStore|x64.ActiveCfg = Debug|Any CPU
		{2CFD040B-DC2B-4FCE-951C-3D33C68C998B}.AppStore|x64.Build.0 = Debug|Any CPU
		{2CFD040B-DC2B-4FCE-951C-3D33C68C998B}.AppStore|x86.ActiveCfg = Debug|Any CPU
		{2CFD040B-DC2B-4FCE-951C-3D33C68C998B}.AppStore|x86.Build.0 = Debug|Any CPU
		{2CFD040B-DC2B-4FCE-951C-3D33C68C998B}.Debug|Any CPU.ActiveCfg = Debug|Any CPU
		{2CFD040B-DC2B-4FCE-951C-3D33C68C998B}.Debug|Any CPU.Build.0 = Debug|Any CPU
		{2CFD040B-DC2B-4FCE-951C-3D33C68C998B}.Debug|ARM.ActiveCfg = Debug|Any CPU
		{2CFD040B-DC2B-4FCE-951C-3D33C68C998B}.Debug|ARM.Build.0 = Debug|Any CPU
		{2CFD040B-DC2B-4FCE-951C-3D33C68C998B}.Debug|iPhone.ActiveCfg = Debug|Any CPU
		{2CFD040B-DC2B-4FCE-951C-3D33C68C998B}.Debug|iPhone.Build.0 = Debug|Any CPU
		{2CFD040B-DC2B-4FCE-951C-3D33C68C998B}.Debug|iPhoneSimulator.ActiveCfg = Debug|Any CPU
		{2CFD040B-DC2B-4FCE-951C-3D33C68C998B}.Debug|iPhoneSimulator.Build.0 = Debug|Any CPU
		{2CFD040B-DC2B-4FCE-951C-3D33C68C998B}.Debug|x64.ActiveCfg = Debug|Any CPU
		{2CFD040B-DC2B-4FCE-951C-3D33C68C998B}.Debug|x64.Build.0 = Debug|Any CPU
		{2CFD040B-DC2B-4FCE-951C-3D33C68C998B}.Debug|x86.ActiveCfg = Debug|Any CPU
		{2CFD040B-DC2B-4FCE-951C-3D33C68C998B}.Debug|x86.Build.0 = Debug|Any CPU
		{2CFD040B-DC2B-4FCE-951C-3D33C68C998B}.Release|Any CPU.ActiveCfg = Release|Any CPU
		{2CFD040B-DC2B-4FCE-951C-3D33C68C998B}.Release|Any CPU.Build.0 = Release|Any CPU
		{2CFD040B-DC2B-4FCE-951C-3D33C68C998B}.Release|ARM.ActiveCfg = Release|Any CPU
		{2CFD040B-DC2B-4FCE-951C-3D33C68C998B}.Release|ARM.Build.0 = Release|Any CPU
		{2CFD040B-DC2B-4FCE-951C-3D33C68C998B}.Release|iPhone.ActiveCfg = Release|Any CPU
		{2CFD040B-DC2B-4FCE-951C-3D33C68C998B}.Release|iPhone.Build.0 = Release|Any CPU
		{2CFD040B-DC2B-4FCE-951C-3D33C68C998B}.Release|iPhoneSimulator.ActiveCfg = Release|Any CPU
		{2CFD040B-DC2B-4FCE-951C-3D33C68C998B}.Release|iPhoneSimulator.Build.0 = Release|Any CPU
		{2CFD040B-DC2B-4FCE-951C-3D33C68C998B}.Release|x64.ActiveCfg = Release|Any CPU
		{2CFD040B-DC2B-4FCE-951C-3D33C68C998B}.Release|x64.Build.0 = Release|Any CPU
		{2CFD040B-DC2B-4FCE-951C-3D33C68C998B}.Release|x86.ActiveCfg = Release|Any CPU
		{2CFD040B-DC2B-4FCE-951C-3D33C68C998B}.Release|x86.Build.0 = Release|Any CPU
		{203BC9DA-FB13-4C55-803E-F30F450BDAF8}.Ad-Hoc|Any CPU.ActiveCfg = Release|Any CPU
		{203BC9DA-FB13-4C55-803E-F30F450BDAF8}.Ad-Hoc|Any CPU.Build.0 = Release|Any CPU
		{203BC9DA-FB13-4C55-803E-F30F450BDAF8}.Ad-Hoc|Any CPU.Deploy.0 = Release|Any CPU
		{203BC9DA-FB13-4C55-803E-F30F450BDAF8}.Ad-Hoc|ARM.ActiveCfg = Release|Any CPU
		{203BC9DA-FB13-4C55-803E-F30F450BDAF8}.Ad-Hoc|ARM.Build.0 = Release|Any CPU
		{203BC9DA-FB13-4C55-803E-F30F450BDAF8}.Ad-Hoc|ARM.Deploy.0 = Release|Any CPU
		{203BC9DA-FB13-4C55-803E-F30F450BDAF8}.Ad-Hoc|iPhone.ActiveCfg = Release|Any CPU
		{203BC9DA-FB13-4C55-803E-F30F450BDAF8}.Ad-Hoc|iPhone.Build.0 = Release|Any CPU
		{203BC9DA-FB13-4C55-803E-F30F450BDAF8}.Ad-Hoc|iPhone.Deploy.0 = Release|Any CPU
		{203BC9DA-FB13-4C55-803E-F30F450BDAF8}.Ad-Hoc|iPhoneSimulator.ActiveCfg = Release|Any CPU
		{203BC9DA-FB13-4C55-803E-F30F450BDAF8}.Ad-Hoc|iPhoneSimulator.Build.0 = Release|Any CPU
		{203BC9DA-FB13-4C55-803E-F30F450BDAF8}.Ad-Hoc|iPhoneSimulator.Deploy.0 = Release|Any CPU
		{203BC9DA-FB13-4C55-803E-F30F450BDAF8}.Ad-Hoc|x64.ActiveCfg = Release|Any CPU
		{203BC9DA-FB13-4C55-803E-F30F450BDAF8}.Ad-Hoc|x64.Build.0 = Release|Any CPU
		{203BC9DA-FB13-4C55-803E-F30F450BDAF8}.Ad-Hoc|x64.Deploy.0 = Release|Any CPU
		{203BC9DA-FB13-4C55-803E-F30F450BDAF8}.Ad-Hoc|x86.ActiveCfg = Release|Any CPU
		{203BC9DA-FB13-4C55-803E-F30F450BDAF8}.Ad-Hoc|x86.Build.0 = Release|Any CPU
		{203BC9DA-FB13-4C55-803E-F30F450BDAF8}.Ad-Hoc|x86.Deploy.0 = Release|Any CPU
		{203BC9DA-FB13-4C55-803E-F30F450BDAF8}.AppStore|Any CPU.ActiveCfg = Release|Any CPU
		{203BC9DA-FB13-4C55-803E-F30F450BDAF8}.AppStore|Any CPU.Build.0 = Release|Any CPU
		{203BC9DA-FB13-4C55-803E-F30F450BDAF8}.AppStore|Any CPU.Deploy.0 = Release|Any CPU
		{203BC9DA-FB13-4C55-803E-F30F450BDAF8}.AppStore|ARM.ActiveCfg = Release|Any CPU
		{203BC9DA-FB13-4C55-803E-F30F450BDAF8}.AppStore|ARM.Build.0 = Release|Any CPU
		{203BC9DA-FB13-4C55-803E-F30F450BDAF8}.AppStore|ARM.Deploy.0 = Release|Any CPU
		{203BC9DA-FB13-4C55-803E-F30F450BDAF8}.AppStore|iPhone.ActiveCfg = Release|Any CPU
		{203BC9DA-FB13-4C55-803E-F30F450BDAF8}.AppStore|iPhone.Build.0 = Release|Any CPU
		{203BC9DA-FB13-4C55-803E-F30F450BDAF8}.AppStore|iPhone.Deploy.0 = Release|Any CPU
		{203BC9DA-FB13-4C55-803E-F30F450BDAF8}.AppStore|iPhoneSimulator.ActiveCfg = Release|Any CPU
		{203BC9DA-FB13-4C55-803E-F30F450BDAF8}.AppStore|iPhoneSimulator.Build.0 = Release|Any CPU
		{203BC9DA-FB13-4C55-803E-F30F450BDAF8}.AppStore|iPhoneSimulator.Deploy.0 = Release|Any CPU
		{203BC9DA-FB13-4C55-803E-F30F450BDAF8}.AppStore|x64.ActiveCfg = Release|Any CPU
		{203BC9DA-FB13-4C55-803E-F30F450BDAF8}.AppStore|x64.Build.0 = Release|Any CPU
		{203BC9DA-FB13-4C55-803E-F30F450BDAF8}.AppStore|x64.Deploy.0 = Release|Any CPU
		{203BC9DA-FB13-4C55-803E-F30F450BDAF8}.AppStore|x86.ActiveCfg = Release|Any CPU
		{203BC9DA-FB13-4C55-803E-F30F450BDAF8}.AppStore|x86.Build.0 = Release|Any CPU
		{203BC9DA-FB13-4C55-803E-F30F450BDAF8}.AppStore|x86.Deploy.0 = Release|Any CPU
		{203BC9DA-FB13-4C55-803E-F30F450BDAF8}.Debug|Any CPU.ActiveCfg = Debug|Any CPU
		{203BC9DA-FB13-4C55-803E-F30F450BDAF8}.Debug|Any CPU.Build.0 = Debug|Any CPU
		{203BC9DA-FB13-4C55-803E-F30F450BDAF8}.Debug|Any CPU.Deploy.0 = Debug|Any CPU
		{203BC9DA-FB13-4C55-803E-F30F450BDAF8}.Debug|ARM.ActiveCfg = Debug|Any CPU
		{203BC9DA-FB13-4C55-803E-F30F450BDAF8}.Debug|ARM.Build.0 = Debug|Any CPU
		{203BC9DA-FB13-4C55-803E-F30F450BDAF8}.Debug|ARM.Deploy.0 = Debug|Any CPU
		{203BC9DA-FB13-4C55-803E-F30F450BDAF8}.Debug|iPhone.ActiveCfg = Debug|Any CPU
		{203BC9DA-FB13-4C55-803E-F30F450BDAF8}.Debug|iPhone.Build.0 = Debug|Any CPU
		{203BC9DA-FB13-4C55-803E-F30F450BDAF8}.Debug|iPhone.Deploy.0 = Debug|Any CPU
		{203BC9DA-FB13-4C55-803E-F30F450BDAF8}.Debug|iPhoneSimulator.ActiveCfg = Debug|Any CPU
		{203BC9DA-FB13-4C55-803E-F30F450BDAF8}.Debug|iPhoneSimulator.Build.0 = Debug|Any CPU
		{203BC9DA-FB13-4C55-803E-F30F450BDAF8}.Debug|iPhoneSimulator.Deploy.0 = Debug|Any CPU
		{203BC9DA-FB13-4C55-803E-F30F450BDAF8}.Debug|x64.ActiveCfg = Debug|Any CPU
		{203BC9DA-FB13-4C55-803E-F30F450BDAF8}.Debug|x64.Build.0 = Debug|Any CPU
		{203BC9DA-FB13-4C55-803E-F30F450BDAF8}.Debug|x64.Deploy.0 = Debug|Any CPU
		{203BC9DA-FB13-4C55-803E-F30F450BDAF8}.Debug|x86.ActiveCfg = Debug|Any CPU
		{203BC9DA-FB13-4C55-803E-F30F450BDAF8}.Debug|x86.Build.0 = Debug|Any CPU
		{203BC9DA-FB13-4C55-803E-F30F450BDAF8}.Debug|x86.Deploy.0 = Debug|Any CPU
		{203BC9DA-FB13-4C55-803E-F30F450BDAF8}.Release|Any CPU.ActiveCfg = Release|Any CPU
		{203BC9DA-FB13-4C55-803E-F30F450BDAF8}.Release|Any CPU.Build.0 = Release|Any CPU
		{203BC9DA-FB13-4C55-803E-F30F450BDAF8}.Release|Any CPU.Deploy.0 = Release|Any CPU
		{203BC9DA-FB13-4C55-803E-F30F450BDAF8}.Release|ARM.ActiveCfg = Release|Any CPU
		{203BC9DA-FB13-4C55-803E-F30F450BDAF8}.Release|ARM.Build.0 = Release|Any CPU
		{203BC9DA-FB13-4C55-803E-F30F450BDAF8}.Release|ARM.Deploy.0 = Release|Any CPU
		{203BC9DA-FB13-4C55-803E-F30F450BDAF8}.Release|iPhone.ActiveCfg = Release|Any CPU
		{203BC9DA-FB13-4C55-803E-F30F450BDAF8}.Release|iPhone.Build.0 = Release|Any CPU
		{203BC9DA-FB13-4C55-803E-F30F450BDAF8}.Release|iPhone.Deploy.0 = Release|Any CPU
		{203BC9DA-FB13-4C55-803E-F30F450BDAF8}.Release|iPhoneSimulator.ActiveCfg = Release|Any CPU
		{203BC9DA-FB13-4C55-803E-F30F450BDAF8}.Release|iPhoneSimulator.Build.0 = Release|Any CPU
		{203BC9DA-FB13-4C55-803E-F30F450BDAF8}.Release|iPhoneSimulator.Deploy.0 = Release|Any CPU
		{203BC9DA-FB13-4C55-803E-F30F450BDAF8}.Release|x64.ActiveCfg = Release|Any CPU
		{203BC9DA-FB13-4C55-803E-F30F450BDAF8}.Release|x64.Build.0 = Release|Any CPU
		{203BC9DA-FB13-4C55-803E-F30F450BDAF8}.Release|x64.Deploy.0 = Release|Any CPU
		{203BC9DA-FB13-4C55-803E-F30F450BDAF8}.Release|x86.ActiveCfg = Release|Any CPU
		{203BC9DA-FB13-4C55-803E-F30F450BDAF8}.Release|x86.Build.0 = Release|Any CPU
		{203BC9DA-FB13-4C55-803E-F30F450BDAF8}.Release|x86.Deploy.0 = Release|Any CPU
		{F88CEC7D-6C88-4D16-AFDE-F3DFB3CBF0DF}.Ad-Hoc|Any CPU.ActiveCfg = Ad-Hoc|iPhone
		{F88CEC7D-6C88-4D16-AFDE-F3DFB3CBF0DF}.Ad-Hoc|ARM.ActiveCfg = Ad-Hoc|iPhone
		{F88CEC7D-6C88-4D16-AFDE-F3DFB3CBF0DF}.Ad-Hoc|iPhone.ActiveCfg = Ad-Hoc|iPhone
		{F88CEC7D-6C88-4D16-AFDE-F3DFB3CBF0DF}.Ad-Hoc|iPhone.Build.0 = Ad-Hoc|iPhone
		{F88CEC7D-6C88-4D16-AFDE-F3DFB3CBF0DF}.Ad-Hoc|iPhoneSimulator.ActiveCfg = Ad-Hoc|iPhoneSimulator
		{F88CEC7D-6C88-4D16-AFDE-F3DFB3CBF0DF}.Ad-Hoc|iPhoneSimulator.Build.0 = Ad-Hoc|iPhoneSimulator
		{F88CEC7D-6C88-4D16-AFDE-F3DFB3CBF0DF}.Ad-Hoc|x64.ActiveCfg = Ad-Hoc|iPhone
		{F88CEC7D-6C88-4D16-AFDE-F3DFB3CBF0DF}.Ad-Hoc|x86.ActiveCfg = Ad-Hoc|iPhone
		{F88CEC7D-6C88-4D16-AFDE-F3DFB3CBF0DF}.AppStore|Any CPU.ActiveCfg = AppStore|iPhone
		{F88CEC7D-6C88-4D16-AFDE-F3DFB3CBF0DF}.AppStore|ARM.ActiveCfg = AppStore|iPhone
		{F88CEC7D-6C88-4D16-AFDE-F3DFB3CBF0DF}.AppStore|iPhone.ActiveCfg = AppStore|iPhone
		{F88CEC7D-6C88-4D16-AFDE-F3DFB3CBF0DF}.AppStore|iPhone.Build.0 = AppStore|iPhone
		{F88CEC7D-6C88-4D16-AFDE-F3DFB3CBF0DF}.AppStore|iPhoneSimulator.ActiveCfg = AppStore|iPhoneSimulator
		{F88CEC7D-6C88-4D16-AFDE-F3DFB3CBF0DF}.AppStore|iPhoneSimulator.Build.0 = AppStore|iPhoneSimulator
		{F88CEC7D-6C88-4D16-AFDE-F3DFB3CBF0DF}.AppStore|x64.ActiveCfg = AppStore|iPhone
		{F88CEC7D-6C88-4D16-AFDE-F3DFB3CBF0DF}.AppStore|x86.ActiveCfg = AppStore|iPhone
		{F88CEC7D-6C88-4D16-AFDE-F3DFB3CBF0DF}.Debug|Any CPU.ActiveCfg = Debug|iPhoneSimulator
		{F88CEC7D-6C88-4D16-AFDE-F3DFB3CBF0DF}.Debug|ARM.ActiveCfg = Debug|iPhone
		{F88CEC7D-6C88-4D16-AFDE-F3DFB3CBF0DF}.Debug|iPhone.ActiveCfg = Debug|iPhone
		{F88CEC7D-6C88-4D16-AFDE-F3DFB3CBF0DF}.Debug|iPhone.Build.0 = Debug|iPhone
		{F88CEC7D-6C88-4D16-AFDE-F3DFB3CBF0DF}.Debug|iPhoneSimulator.ActiveCfg = Debug|iPhoneSimulator
		{F88CEC7D-6C88-4D16-AFDE-F3DFB3CBF0DF}.Debug|iPhoneSimulator.Build.0 = Debug|iPhoneSimulator
		{F88CEC7D-6C88-4D16-AFDE-F3DFB3CBF0DF}.Debug|x64.ActiveCfg = Debug|iPhone
		{F88CEC7D-6C88-4D16-AFDE-F3DFB3CBF0DF}.Debug|x86.ActiveCfg = Debug|iPhone
		{F88CEC7D-6C88-4D16-AFDE-F3DFB3CBF0DF}.Release|Any CPU.ActiveCfg = Release|iPhone
		{F88CEC7D-6C88-4D16-AFDE-F3DFB3CBF0DF}.Release|ARM.ActiveCfg = Release|iPhone
		{F88CEC7D-6C88-4D16-AFDE-F3DFB3CBF0DF}.Release|iPhone.ActiveCfg = Release|iPhone
		{F88CEC7D-6C88-4D16-AFDE-F3DFB3CBF0DF}.Release|iPhone.Build.0 = Release|iPhone
		{F88CEC7D-6C88-4D16-AFDE-F3DFB3CBF0DF}.Release|iPhoneSimulator.ActiveCfg = Release|iPhoneSimulator
		{F88CEC7D-6C88-4D16-AFDE-F3DFB3CBF0DF}.Release|iPhoneSimulator.Build.0 = Release|iPhoneSimulator
		{F88CEC7D-6C88-4D16-AFDE-F3DFB3CBF0DF}.Release|x64.ActiveCfg = Release|iPhone
		{F88CEC7D-6C88-4D16-AFDE-F3DFB3CBF0DF}.Release|x86.ActiveCfg = Release|iPhone
		{7C65D294-E010-488D-A628-3030A441988E}.Ad-Hoc|Any CPU.ActiveCfg = Release|x64
		{7C65D294-E010-488D-A628-3030A441988E}.Ad-Hoc|Any CPU.Build.0 = Release|x64
		{7C65D294-E010-488D-A628-3030A441988E}.Ad-Hoc|Any CPU.Deploy.0 = Release|x64
		{7C65D294-E010-488D-A628-3030A441988E}.Ad-Hoc|ARM.ActiveCfg = Release|ARM
		{7C65D294-E010-488D-A628-3030A441988E}.Ad-Hoc|ARM.Build.0 = Release|ARM
		{7C65D294-E010-488D-A628-3030A441988E}.Ad-Hoc|ARM.Deploy.0 = Release|ARM
		{7C65D294-E010-488D-A628-3030A441988E}.Ad-Hoc|iPhone.ActiveCfg = Release|x64
		{7C65D294-E010-488D-A628-3030A441988E}.Ad-Hoc|iPhone.Build.0 = Release|x64
		{7C65D294-E010-488D-A628-3030A441988E}.Ad-Hoc|iPhone.Deploy.0 = Release|x64
		{7C65D294-E010-488D-A628-3030A441988E}.Ad-Hoc|iPhoneSimulator.ActiveCfg = Release|x64
		{7C65D294-E010-488D-A628-3030A441988E}.Ad-Hoc|iPhoneSimulator.Build.0 = Release|x64
		{7C65D294-E010-488D-A628-3030A441988E}.Ad-Hoc|iPhoneSimulator.Deploy.0 = Release|x64
		{7C65D294-E010-488D-A628-3030A441988E}.Ad-Hoc|x64.ActiveCfg = Release|x64
		{7C65D294-E010-488D-A628-3030A441988E}.Ad-Hoc|x64.Build.0 = Release|x64
		{7C65D294-E010-488D-A628-3030A441988E}.Ad-Hoc|x64.Deploy.0 = Release|x64
		{7C65D294-E010-488D-A628-3030A441988E}.Ad-Hoc|x86.ActiveCfg = Release|x86
		{7C65D294-E010-488D-A628-3030A441988E}.Ad-Hoc|x86.Build.0 = Release|x86
		{7C65D294-E010-488D-A628-3030A441988E}.Ad-Hoc|x86.Deploy.0 = Release|x86
		{7C65D294-E010-488D-A628-3030A441988E}.AppStore|Any CPU.ActiveCfg = Release|x64
		{7C65D294-E010-488D-A628-3030A441988E}.AppStore|Any CPU.Build.0 = Release|x64
		{7C65D294-E010-488D-A628-3030A441988E}.AppStore|Any CPU.Deploy.0 = Release|x64
		{7C65D294-E010-488D-A628-3030A441988E}.AppStore|ARM.ActiveCfg = Release|ARM
		{7C65D294-E010-488D-A628-3030A441988E}.AppStore|ARM.Build.0 = Release|ARM
		{7C65D294-E010-488D-A628-3030A441988E}.AppStore|ARM.Deploy.0 = Release|ARM
		{7C65D294-E010-488D-A628-3030A441988E}.AppStore|iPhone.ActiveCfg = Release|x64
		{7C65D294-E010-488D-A628-3030A441988E}.AppStore|iPhone.Build.0 = Release|x64
		{7C65D294-E010-488D-A628-3030A441988E}.AppStore|iPhone.Deploy.0 = Release|x64
		{7C65D294-E010-488D-A628-3030A441988E}.AppStore|iPhoneSimulator.ActiveCfg = Release|x64
		{7C65D294-E010-488D-A628-3030A441988E}.AppStore|iPhoneSimulator.Build.0 = Release|x64
		{7C65D294-E010-488D-A628-3030A441988E}.AppStore|iPhoneSimulator.Deploy.0 = Release|x64
		{7C65D294-E010-488D-A628-3030A441988E}.AppStore|x64.ActiveCfg = Release|x64
		{7C65D294-E010-488D-A628-3030A441988E}.AppStore|x64.Build.0 = Release|x64
		{7C65D294-E010-488D-A628-3030A441988E}.AppStore|x64.Deploy.0 = Release|x64
		{7C65D294-E010-488D-A628-3030A441988E}.AppStore|x86.ActiveCfg = Release|x86
		{7C65D294-E010-488D-A628-3030A441988E}.AppStore|x86.Build.0 = Release|x86
		{7C65D294-E010-488D-A628-3030A441988E}.AppStore|x86.Deploy.0 = Release|x86
		{7C65D294-E010-488D-A628-3030A441988E}.Debug|Any CPU.ActiveCfg = Debug|x64
		{7C65D294-E010-488D-A628-3030A441988E}.Debug|Any CPU.Build.0 = Debug|x64
		{7C65D294-E010-488D-A628-3030A441988E}.Debug|Any CPU.Deploy.0 = Debug|x64
		{7C65D294-E010-488D-A628-3030A441988E}.Debug|ARM.ActiveCfg = Debug|ARM
		{7C65D294-E010-488D-A628-3030A441988E}.Debug|ARM.Build.0 = Debug|ARM
		{7C65D294-E010-488D-A628-3030A441988E}.Debug|ARM.Deploy.0 = Debug|ARM
		{7C65D294-E010-488D-A628-3030A441988E}.Debug|iPhone.ActiveCfg = Debug|x86
		{7C65D294-E010-488D-A628-3030A441988E}.Debug|iPhoneSimulator.ActiveCfg = Debug|x86
		{7C65D294-E010-488D-A628-3030A441988E}.Debug|x64.ActiveCfg = Debug|x64
		{7C65D294-E010-488D-A628-3030A441988E}.Debug|x64.Build.0 = Debug|x64
		{7C65D294-E010-488D-A628-3030A441988E}.Debug|x64.Deploy.0 = Debug|x64
		{7C65D294-E010-488D-A628-3030A441988E}.Debug|x86.ActiveCfg = Debug|x86
		{7C65D294-E010-488D-A628-3030A441988E}.Debug|x86.Build.0 = Debug|x86
		{7C65D294-E010-488D-A628-3030A441988E}.Debug|x86.Deploy.0 = Debug|x86
		{7C65D294-E010-488D-A628-3030A441988E}.Release|Any CPU.ActiveCfg = Release|x86
		{7C65D294-E010-488D-A628-3030A441988E}.Release|ARM.ActiveCfg = Release|ARM
		{7C65D294-E010-488D-A628-3030A441988E}.Release|ARM.Build.0 = Release|ARM
		{7C65D294-E010-488D-A628-3030A441988E}.Release|ARM.Deploy.0 = Release|ARM
		{7C65D294-E010-488D-A628-3030A441988E}.Release|iPhone.ActiveCfg = Release|x86
		{7C65D294-E010-488D-A628-3030A441988E}.Release|iPhoneSimulator.ActiveCfg = Release|x86
		{7C65D294-E010-488D-A628-3030A441988E}.Release|x64.ActiveCfg = Release|x64
		{7C65D294-E010-488D-A628-3030A441988E}.Release|x64.Build.0 = Release|x64
		{7C65D294-E010-488D-A628-3030A441988E}.Release|x64.Deploy.0 = Release|x64
		{7C65D294-E010-488D-A628-3030A441988E}.Release|x86.ActiveCfg = Release|x86
		{7C65D294-E010-488D-A628-3030A441988E}.Release|x86.Build.0 = Release|x86
		{7C65D294-E010-488D-A628-3030A441988E}.Release|x86.Deploy.0 = Release|x86
		{62FCF2BC-EB60-47B3-A23F-9DA86FDCB182}.Ad-Hoc|Any CPU.ActiveCfg = Debug|Any CPU
		{62FCF2BC-EB60-47B3-A23F-9DA86FDCB182}.Ad-Hoc|Any CPU.Build.0 = Debug|Any CPU
		{62FCF2BC-EB60-47B3-A23F-9DA86FDCB182}.Ad-Hoc|ARM.ActiveCfg = Debug|Any CPU
		{62FCF2BC-EB60-47B3-A23F-9DA86FDCB182}.Ad-Hoc|ARM.Build.0 = Debug|Any CPU
		{62FCF2BC-EB60-47B3-A23F-9DA86FDCB182}.Ad-Hoc|iPhone.ActiveCfg = Debug|Any CPU
		{62FCF2BC-EB60-47B3-A23F-9DA86FDCB182}.Ad-Hoc|iPhone.Build.0 = Debug|Any CPU
		{62FCF2BC-EB60-47B3-A23F-9DA86FDCB182}.Ad-Hoc|iPhoneSimulator.ActiveCfg = Debug|Any CPU
		{62FCF2BC-EB60-47B3-A23F-9DA86FDCB182}.Ad-Hoc|iPhoneSimulator.Build.0 = Debug|Any CPU
		{62FCF2BC-EB60-47B3-A23F-9DA86FDCB182}.Ad-Hoc|x64.ActiveCfg = Debug|Any CPU
		{62FCF2BC-EB60-47B3-A23F-9DA86FDCB182}.Ad-Hoc|x64.Build.0 = Debug|Any CPU
		{62FCF2BC-EB60-47B3-A23F-9DA86FDCB182}.Ad-Hoc|x86.ActiveCfg = Debug|Any CPU
		{62FCF2BC-EB60-47B3-A23F-9DA86FDCB182}.Ad-Hoc|x86.Build.0 = Debug|Any CPU
		{62FCF2BC-EB60-47B3-A23F-9DA86FDCB182}.AppStore|Any CPU.ActiveCfg = Debug|Any CPU
		{62FCF2BC-EB60-47B3-A23F-9DA86FDCB182}.AppStore|Any CPU.Build.0 = Debug|Any CPU
		{62FCF2BC-EB60-47B3-A23F-9DA86FDCB182}.AppStore|ARM.ActiveCfg = Debug|Any CPU
		{62FCF2BC-EB60-47B3-A23F-9DA86FDCB182}.AppStore|ARM.Build.0 = Debug|Any CPU
		{62FCF2BC-EB60-47B3-A23F-9DA86FDCB182}.AppStore|iPhone.ActiveCfg = Debug|Any CPU
		{62FCF2BC-EB60-47B3-A23F-9DA86FDCB182}.AppStore|iPhone.Build.0 = Debug|Any CPU
		{62FCF2BC-EB60-47B3-A23F-9DA86FDCB182}.AppStore|iPhoneSimulator.ActiveCfg = Debug|Any CPU
		{62FCF2BC-EB60-47B3-A23F-9DA86FDCB182}.AppStore|iPhoneSimulator.Build.0 = Debug|Any CPU
		{62FCF2BC-EB60-47B3-A23F-9DA86FDCB182}.AppStore|x64.ActiveCfg = Debug|Any CPU
		{62FCF2BC-EB60-47B3-A23F-9DA86FDCB182}.AppStore|x64.Build.0 = Debug|Any CPU
		{62FCF2BC-EB60-47B3-A23F-9DA86FDCB182}.AppStore|x86.ActiveCfg = Debug|Any CPU
		{62FCF2BC-EB60-47B3-A23F-9DA86FDCB182}.AppStore|x86.Build.0 = Debug|Any CPU
		{62FCF2BC-EB60-47B3-A23F-9DA86FDCB182}.Debug|Any CPU.ActiveCfg = Debug|Any CPU
		{62FCF2BC-EB60-47B3-A23F-9DA86FDCB182}.Debug|Any CPU.Build.0 = Debug|Any CPU
		{62FCF2BC-EB60-47B3-A23F-9DA86FDCB182}.Debug|ARM.ActiveCfg = Debug|Any CPU
		{62FCF2BC-EB60-47B3-A23F-9DA86FDCB182}.Debug|ARM.Build.0 = Debug|Any CPU
		{62FCF2BC-EB60-47B3-A23F-9DA86FDCB182}.Debug|iPhone.ActiveCfg = Debug|Any CPU
		{62FCF2BC-EB60-47B3-A23F-9DA86FDCB182}.Debug|iPhone.Build.0 = Debug|Any CPU
		{62FCF2BC-EB60-47B3-A23F-9DA86FDCB182}.Debug|iPhoneSimulator.ActiveCfg = Debug|Any CPU
		{62FCF2BC-EB60-47B3-A23F-9DA86FDCB182}.Debug|iPhoneSimulator.Build.0 = Debug|Any CPU
		{62FCF2BC-EB60-47B3-A23F-9DA86FDCB182}.Debug|x64.ActiveCfg = Debug|Any CPU
		{62FCF2BC-EB60-47B3-A23F-9DA86FDCB182}.Debug|x64.Build.0 = Debug|Any CPU
		{62FCF2BC-EB60-47B3-A23F-9DA86FDCB182}.Debug|x86.ActiveCfg = Debug|Any CPU
		{62FCF2BC-EB60-47B3-A23F-9DA86FDCB182}.Debug|x86.Build.0 = Debug|Any CPU
		{62FCF2BC-EB60-47B3-A23F-9DA86FDCB182}.Release|Any CPU.ActiveCfg = Release|Any CPU
		{62FCF2BC-EB60-47B3-A23F-9DA86FDCB182}.Release|Any CPU.Build.0 = Release|Any CPU
		{62FCF2BC-EB60-47B3-A23F-9DA86FDCB182}.Release|ARM.ActiveCfg = Release|Any CPU
		{62FCF2BC-EB60-47B3-A23F-9DA86FDCB182}.Release|ARM.Build.0 = Release|Any CPU
		{62FCF2BC-EB60-47B3-A23F-9DA86FDCB182}.Release|iPhone.ActiveCfg = Release|Any CPU
		{62FCF2BC-EB60-47B3-A23F-9DA86FDCB182}.Release|iPhone.Build.0 = Release|Any CPU
		{62FCF2BC-EB60-47B3-A23F-9DA86FDCB182}.Release|iPhoneSimulator.ActiveCfg = Release|Any CPU
		{62FCF2BC-EB60-47B3-A23F-9DA86FDCB182}.Release|iPhoneSimulator.Build.0 = Release|Any CPU
		{62FCF2BC-EB60-47B3-A23F-9DA86FDCB182}.Release|x64.ActiveCfg = Release|Any CPU
		{62FCF2BC-EB60-47B3-A23F-9DA86FDCB182}.Release|x64.Build.0 = Release|Any CPU
		{62FCF2BC-EB60-47B3-A23F-9DA86FDCB182}.Release|x86.ActiveCfg = Release|Any CPU
		{62FCF2BC-EB60-47B3-A23F-9DA86FDCB182}.Release|x86.Build.0 = Release|Any CPU
	EndGlobalSection
	GlobalSection(SolutionProperties) = preSolution
		HideSolutionNode = FALSE
	EndGlobalSection
	GlobalSection(NestedProjects) = preSolution
		{2CFD040B-DC2B-4FCE-951C-3D33C68C998B} = {14129AEA-4608-40BB-8762-0166663C9846}
		{203BC9DA-FB13-4C55-803E-F30F450BDAF8} = {14129AEA-4608-40BB-8762-0166663C9846}
		{F88CEC7D-6C88-4D16-AFDE-F3DFB3CBF0DF} = {14129AEA-4608-40BB-8762-0166663C9846}
		{7C65D294-E010-488D-A628-3030A441988E} = {14129AEA-4608-40BB-8762-0166663C9846}
	EndGlobalSection
	GlobalSection(ExtensibilityGlobals) = postSolution
		SolutionGuid = {307605AD-A7D0-47FC-A69D-3E760CDAEC74}
	EndGlobalSection
EndGlobal
